// !$*UTF8*$!
{
	archiveVersion = 1;
	classes = {
	};
	objectVersion = 60;
	objects = {

/* Begin PBXBuildFile section */
		00E356F31AD99517003FC87E /* fti_coachTests.m in Sources */ = {isa = PBXBuildFile; fileRef = 00E356F21AD99517003FC87E /* fti_coachTests.m */; };
		08E8A17C34444CEDB4DC30F2 /* Poppins-ThinItalic.ttf in Resources */ = {isa = PBXBuildFile; fileRef = EA275E3169144A94ABE0F946 /* Poppins-ThinItalic.ttf */; };
		0A66C6C57EEF45E982E51191 /* Poppins-ExtraLightItalic.ttf in Resources */ = {isa = PBXBuildFile; fileRef = E285C02C8B304288B6D532F3 /* Poppins-ExtraLightItalic.ttf */; };
		0BFC406634774351BDBA4901 /* Octicons.ttf in Resources */ = {isa = PBXBuildFile; fileRef = 9627B98637F14A8EB5A6C684 /* Octicons.ttf */; };
		0F4177AE59FE40C087DCE65F /* rubicon-icon-font.ttf in Resources */ = {isa = PBXBuildFile; fileRef = 28CBB276B99C4313A4EA398F /* rubicon-icon-font.ttf */; };
		11A1895AA96C48FA984298DA /* FontAwesome.ttf in Resources */ = {isa = PBXBuildFile; fileRef = D1A0DFC239004FD98F5D8703 /* FontAwesome.ttf */; };
		11C6D310DD9A473C981A41E4 /* Poppins-ExtraBold.ttf in Resources */ = {isa = PBXBuildFile; fileRef = C3209E2766DE4405A6E10510 /* Poppins-ExtraBold.ttf */; };
		134CFBB71D274A89AF8EB6ED /* Poppins-Medium.ttf in Resources */ = {isa = PBXBuildFile; fileRef = 00166496D7F3425AA6866202 /* Poppins-Medium.ttf */; };
		13B07FBC1A68108700A75B9A /* AppDelegate.m in Sources */ = {isa = PBXBuildFile; fileRef = 13B07FB01A68108700A75B9A /* AppDelegate.m */; };
		13B07FBF1A68108700A75B9A /* Images.xcassets in Resources */ = {isa = PBXBuildFile; fileRef = 13B07FB51A68108700A75B9A /* Images.xcassets */; };
		13B07FC11A68108700A75B9A /* main.m in Sources */ = {isa = PBXBuildFile; fileRef = 13B07FB71A68108700A75B9A /* main.m */; };
		18FC0C8526948A0E0006811A /* GoogleService-Info.plist in Resources */ = {isa = PBXBuildFile; fileRef = 18FC0C8426948A0E0006811A /* GoogleService-Info.plist */; };
		1905B76B0E9646568706ECA5 /* FontAwesome5_Solid.ttf in Resources */ = {isa = PBXBuildFile; fileRef = B7B48D18AA4C4B5DA93EEE49 /* FontAwesome5_Solid.ttf */; };
		1CE4A7D162344F028BA6F8C0 /* SimpleLineIcons.ttf in Resources */ = {isa = PBXBuildFile; fileRef = 26C2D9E663D84351905F4664 /* SimpleLineIcons.ttf */; };
		1D2F24B347E345BB8E5D8B00 /* Poppins-SemiBold.ttf in Resources */ = {isa = PBXBuildFile; fileRef = BB6A8630C3B0400F8D3EE4F5 /* Poppins-SemiBold.ttf */; };
		29CDBBF3C1624187B47246EB /* MaterialIcons.ttf in Resources */ = {isa = PBXBuildFile; fileRef = 71298DB84AAE4BFFBB457A85 /* MaterialIcons.ttf */; };
		2AC724F57BAB40C6AB1F102D /* Poppins-SemiBoldItalic.ttf in Resources */ = {isa = PBXBuildFile; fileRef = 23EF66AB02F448D795F676A5 /* Poppins-SemiBoldItalic.ttf */; };
		41383DA0D9D343D8B4390878 /* Zocial.ttf in Resources */ = {isa = PBXBuildFile; fileRef = 4129F367AE5145638131F2FB /* Zocial.ttf */; };
		45D12E826D4549EAA930DA69 /* Poppins-Black.ttf in Resources */ = {isa = PBXBuildFile; fileRef = 40E87B5C5DB54A029736AF52 /* Poppins-Black.ttf */; };
		469CC1E1BB1A4A00B2076E87 /* FontAwesome5_Regular.ttf in Resources */ = {isa = PBXBuildFile; fileRef = 24E195682F4D42858B416133 /* FontAwesome5_Regular.ttf */; };
		48BE1DE1248445FC83CFA0E9 /* Poppins-BlackItalic.ttf in Resources */ = {isa = PBXBuildFile; fileRef = ABA8389809EB45C8A98347B0 /* Poppins-BlackItalic.ttf */; };
		4CE87EB70DB349E3BABE15D9 /* Poppins-Thin.ttf in Resources */ = {isa = PBXBuildFile; fileRef = B5F4235B649A4EB3B8AE3EA9 /* Poppins-Thin.ttf */; };
		535A2C79B3E44ECB92093217 /* Poppins-Bold.ttf in Resources */ = {isa = PBXBuildFile; fileRef = C852C2388ACD4977ACEDDCC8 /* Poppins-Bold.ttf */; };
		751AA5211EA74EAB9A1414F3 /* FontAwesome5_Brands.ttf in Resources */ = {isa = PBXBuildFile; fileRef = D062B1DF07FE4095B395C74D /* FontAwesome5_Brands.ttf */; };
		780F46ABA33A40979103D8A9 /* Foundation.ttf in Resources */ = {isa = PBXBuildFile; fileRef = 163C489C61B64B02A2E2CB96 /* Foundation.ttf */; };
		7AE922E1C0DC47028C1B5A68 /* EvilIcons.ttf in Resources */ = {isa = PBXBuildFile; fileRef = A8F0A34D450B44C688FD1489 /* EvilIcons.ttf */; };
		7F0544DF849A464AAC97386E /* MaterialCommunityIcons.ttf in Resources */ = {isa = PBXBuildFile; fileRef = 8C10AEABE8CE407686E458DA /* MaterialCommunityIcons.ttf */; };
		81AB9BB82411601600AC10FF /* LaunchScreen.storyboard in Resources */ = {isa = PBXBuildFile; fileRef = 81AB9BB72411601600AC10FF /* LaunchScreen.storyboard */; };
		8E3FC5E295044E8D8927B601 /* AntDesign.ttf in Resources */ = {isa = PBXBuildFile; fileRef = 3682FCCAC1E840B182FE60E4 /* AntDesign.ttf */; };
		9210076EC19E46C9ACCBEFA9 /* Poppins-Italic.ttf in Resources */ = {isa = PBXBuildFile; fileRef = CDC9BD6B479240D9BBF78D2E /* Poppins-Italic.ttf */; };
		97F2027D55A7412C816454C6 /* Poppins-ExtraBoldItalic.ttf in Resources */ = {isa = PBXBuildFile; fileRef = 56E013A7E9E44C71B7A819A4 /* Poppins-ExtraBoldItalic.ttf */; };
		9AC207384B0F461E85DAE56E /* Fontisto.ttf in Resources */ = {isa = PBXBuildFile; fileRef = CC75DF40F42D4C34A1D78FA1 /* Fontisto.ttf */; };
		9AD801028C314AF5B6846FA9 /* Roboto_medium.ttf in Resources */ = {isa = PBXBuildFile; fileRef = 9CE3111DCAB5461A951CB402 /* Roboto_medium.ttf */; };
		A6A255CC439247E4A90D0A77 /* Entypo.ttf in Resources */ = {isa = PBXBuildFile; fileRef = E0D264B8C3B244AEA98D8A90 /* Entypo.ttf */; };
		AB75E2618C164A4CA479E146 /* Poppins-MediumItalic.ttf in Resources */ = {isa = PBXBuildFile; fileRef = 87732D5AEB7D40168951074B /* Poppins-MediumItalic.ttf */; };
		AF7D873F4EEC46F7B1E52FDF /* Ionicons.ttf in Resources */ = {isa = PBXBuildFile; fileRef = 1A790E1E17E84FFAB9C0AB3E /* Ionicons.ttf */; };
		B357196E4A46D85BBB435288 /* libPods-fti_coach.a in Frameworks */ = {isa = PBXBuildFile; fileRef = 105616E6D23CD80236ABD083 /* libPods-fti_coach.a */; };
		B80F81B794B447F5B11CCA40 /* Poppins-Regular.ttf in Resources */ = {isa = PBXBuildFile; fileRef = 483D4C8212EE4818817EC6DB /* Poppins-Regular.ttf */; };
		C76E804A4C01420384F2F66E /* Feather.ttf in Resources */ = {isa = PBXBuildFile; fileRef = D8B39820CD6543D8B3AEC4C4 /* Feather.ttf */; };
		CAAA3DDA587D47D2AE77B8A4 /* Poppins-ExtraLight.ttf in Resources */ = {isa = PBXBuildFile; fileRef = 7C196FE64AAE4BD7B889E7CF /* Poppins-ExtraLight.ttf */; };
		D3928C8D17704489B4999AF5 /* Roboto.ttf in Resources */ = {isa = PBXBuildFile; fileRef = 58D2114E9D7B49F896B915EA /* Roboto.ttf */; };
		E962FB54BC084ABB82A573CF /* Poppins-LightItalic.ttf in Resources */ = {isa = PBXBuildFile; fileRef = EADFF9A87AA5428DBBB7DBA4 /* Poppins-LightItalic.ttf */; };
		EE5129E3ABE04B17B7E2DBEB /* Poppins-BoldItalic.ttf in Resources */ = {isa = PBXBuildFile; fileRef = 56534AE1BDE24C4D97C25B88 /* Poppins-BoldItalic.ttf */; };
		F50425AD34E9DBE83CAC37F3 /* libPods-fti_coach-fti_coachTests.a in Frameworks */ = {isa = PBXBuildFile; fileRef = 7A55273C276E4BF2B8A149D0 /* libPods-fti_coach-fti_coachTests.a */; };
		FA5FAF3C58034233BF98B686 /* Poppins-Light.ttf in Resources */ = {isa = PBXBuildFile; fileRef = 12558F61375F4EF0BB0ED9B3 /* Poppins-Light.ttf */; };
/* End PBXBuildFile section */

/* Begin PBXContainerItemProxy section */
		00E356F41AD99517003FC87E /* PBXContainerItemProxy */ = {
			isa = PBXContainerItemProxy;
			containerPortal = 83CBB9F71A601CBA00E9B192 /* Project object */;
			proxyType = 1;
			remoteGlobalIDString = 13B07F861A680F5B00A75B9A;
			remoteInfo = fti_coach;
		};
/* End PBXContainerItemProxy section */

/* Begin PBXFileReference section */
		00166496D7F3425AA6866202 /* Poppins-Medium.ttf */ = {isa = PBXFileReference; explicitFileType = undefined; fileEncoding = 9; includeInIndex = 0; lastKnownFileType = unknown; name = "Poppins-Medium.ttf"; path = "../Assets/Fonts/Poppins-Medium.ttf"; sourceTree = "<group>"; };
		00E356EE1AD99517003FC87E /* fti_coachTests.xctest */ = {isa = PBXFileReference; explicitFileType = wrapper.cfbundle; includeInIndex = 0; path = fti_coachTests.xctest; sourceTree = BUILT_PRODUCTS_DIR; };
		00E356F11AD99517003FC87E /* Info.plist */ = {isa = PBXFileReference; lastKnownFileType = text.plist.xml; path = Info.plist; sourceTree = "<group>"; };
		00E356F21AD99517003FC87E /* fti_coachTests.m */ = {isa = PBXFileReference; lastKnownFileType = sourcecode.c.objc; path = fti_coachTests.m; sourceTree = "<group>"; };
		105616E6D23CD80236ABD083 /* libPods-fti_coach.a */ = {isa = PBXFileReference; explicitFileType = archive.ar; includeInIndex = 0; path = "libPods-fti_coach.a"; sourceTree = BUILT_PRODUCTS_DIR; };
		12558F61375F4EF0BB0ED9B3 /* Poppins-Light.ttf */ = {isa = PBXFileReference; explicitFileType = undefined; fileEncoding = 9; includeInIndex = 0; lastKnownFileType = unknown; name = "Poppins-Light.ttf"; path = "../Assets/Fonts/Poppins-Light.ttf"; sourceTree = "<group>"; };
		13B07F961A680F5B00A75B9A /* fti_coach.app */ = {isa = PBXFileReference; explicitFileType = wrapper.application; includeInIndex = 0; path = fti_coach.app; sourceTree = BUILT_PRODUCTS_DIR; };
		13B07FAF1A68108700A75B9A /* AppDelegate.h */ = {isa = PBXFileReference; fileEncoding = 4; lastKnownFileType = sourcecode.c.h; name = AppDelegate.h; path = fti_coach/AppDelegate.h; sourceTree = "<group>"; };
		13B07FB01A68108700A75B9A /* AppDelegate.m */ = {isa = PBXFileReference; fileEncoding = 4; lastKnownFileType = sourcecode.c.objc; name = AppDelegate.m; path = fti_coach/AppDelegate.m; sourceTree = "<group>"; };
		13B07FB51A68108700A75B9A /* Images.xcassets */ = {isa = PBXFileReference; lastKnownFileType = folder.assetcatalog; name = Images.xcassets; path = fti_coach/Images.xcassets; sourceTree = "<group>"; };
		13B07FB61A68108700A75B9A /* Info.plist */ = {isa = PBXFileReference; fileEncoding = 4; lastKnownFileType = text.plist.xml; name = Info.plist; path = fti_coach/Info.plist; sourceTree = "<group>"; };
		13B07FB71A68108700A75B9A /* main.m */ = {isa = PBXFileReference; fileEncoding = 4; lastKnownFileType = sourcecode.c.objc; name = main.m; path = fti_coach/main.m; sourceTree = "<group>"; };
		14DC9D9A204C6103F630422F /* Pods-fti_coach.release.xcconfig */ = {isa = PBXFileReference; includeInIndex = 1; lastKnownFileType = text.xcconfig; name = "Pods-fti_coach.release.xcconfig"; path = "Target Support Files/Pods-fti_coach/Pods-fti_coach.release.xcconfig"; sourceTree = "<group>"; };
		163C489C61B64B02A2E2CB96 /* Foundation.ttf */ = {isa = PBXFileReference; explicitFileType = undefined; fileEncoding = 9; includeInIndex = 0; lastKnownFileType = unknown; name = Foundation.ttf; path = "../node_modules/native-base/Fonts/Foundation.ttf"; sourceTree = "<group>"; };
		18FC0C8426948A0E0006811A /* GoogleService-Info.plist */ = {isa = PBXFileReference; fileEncoding = 4; lastKnownFileType = text.plist.xml; path = "GoogleService-Info.plist"; sourceTree = "<group>"; };
		1A790E1E17E84FFAB9C0AB3E /* Ionicons.ttf */ = {isa = PBXFileReference; explicitFileType = undefined; fileEncoding = 9; includeInIndex = 0; lastKnownFileType = unknown; name = Ionicons.ttf; path = "../node_modules/native-base/Fonts/Ionicons.ttf"; sourceTree = "<group>"; };
		23EF66AB02F448D795F676A5 /* Poppins-SemiBoldItalic.ttf */ = {isa = PBXFileReference; explicitFileType = undefined; fileEncoding = 9; includeInIndex = 0; lastKnownFileType = unknown; name = "Poppins-SemiBoldItalic.ttf"; path = "../Assets/Fonts/Poppins-SemiBoldItalic.ttf"; sourceTree = "<group>"; };
		24E195682F4D42858B416133 /* FontAwesome5_Regular.ttf */ = {isa = PBXFileReference; explicitFileType = undefined; fileEncoding = 9; includeInIndex = 0; lastKnownFileType = unknown; name = FontAwesome5_Regular.ttf; path = "../node_modules/native-base/Fonts/FontAwesome5_Regular.ttf"; sourceTree = "<group>"; };
		26C2D9E663D84351905F4664 /* SimpleLineIcons.ttf */ = {isa = PBXFileReference; explicitFileType = undefined; fileEncoding = 9; includeInIndex = 0; lastKnownFileType = unknown; name = SimpleLineIcons.ttf; path = "../node_modules/native-base/Fonts/SimpleLineIcons.ttf"; sourceTree = "<group>"; };
		28CBB276B99C4313A4EA398F /* rubicon-icon-font.ttf */ = {isa = PBXFileReference; explicitFileType = undefined; fileEncoding = 9; includeInIndex = 0; lastKnownFileType = unknown; name = "rubicon-icon-font.ttf"; path = "../node_modules/native-base/Fonts/rubicon-icon-font.ttf"; sourceTree = "<group>"; };
		3682FCCAC1E840B182FE60E4 /* AntDesign.ttf */ = {isa = PBXFileReference; explicitFileType = undefined; fileEncoding = 9; includeInIndex = 0; lastKnownFileType = unknown; name = AntDesign.ttf; path = "../node_modules/native-base/Fonts/AntDesign.ttf"; sourceTree = "<group>"; };
		40E87B5C5DB54A029736AF52 /* Poppins-Black.ttf */ = {isa = PBXFileReference; explicitFileType = undefined; fileEncoding = 9; includeInIndex = 0; lastKnownFileType = unknown; name = "Poppins-Black.ttf"; path = "../Assets/Fonts/Poppins-Black.ttf"; sourceTree = "<group>"; };
		4129F367AE5145638131F2FB /* Zocial.ttf */ = {isa = PBXFileReference; explicitFileType = undefined; fileEncoding = 9; includeInIndex = 0; lastKnownFileType = unknown; name = Zocial.ttf; path = "../node_modules/native-base/Fonts/Zocial.ttf"; sourceTree = "<group>"; };
		483D4C8212EE4818817EC6DB /* Poppins-Regular.ttf */ = {isa = PBXFileReference; explicitFileType = undefined; fileEncoding = 9; includeInIndex = 0; lastKnownFileType = unknown; name = "Poppins-Regular.ttf"; path = "../Assets/Fonts/Poppins-Regular.ttf"; sourceTree = "<group>"; };
		56534AE1BDE24C4D97C25B88 /* Poppins-BoldItalic.ttf */ = {isa = PBXFileReference; explicitFileType = undefined; fileEncoding = 9; includeInIndex = 0; lastKnownFileType = unknown; name = "Poppins-BoldItalic.ttf"; path = "../Assets/Fonts/Poppins-BoldItalic.ttf"; sourceTree = "<group>"; };
		56E013A7E9E44C71B7A819A4 /* Poppins-ExtraBoldItalic.ttf */ = {isa = PBXFileReference; explicitFileType = undefined; fileEncoding = 9; includeInIndex = 0; lastKnownFileType = unknown; name = "Poppins-ExtraBoldItalic.ttf"; path = "../Assets/Fonts/Poppins-ExtraBoldItalic.ttf"; sourceTree = "<group>"; };
		58D2114E9D7B49F896B915EA /* Roboto.ttf */ = {isa = PBXFileReference; explicitFileType = undefined; fileEncoding = 9; includeInIndex = 0; lastKnownFileType = unknown; name = Roboto.ttf; path = "../node_modules/native-base/Fonts/Roboto.ttf"; sourceTree = "<group>"; };
		71298DB84AAE4BFFBB457A85 /* MaterialIcons.ttf */ = {isa = PBXFileReference; explicitFileType = undefined; fileEncoding = 9; includeInIndex = 0; lastKnownFileType = unknown; name = MaterialIcons.ttf; path = "../node_modules/native-base/Fonts/MaterialIcons.ttf"; sourceTree = "<group>"; };
		719A1C2B2093B7DC88AFDFE7 /* Pods-fti_coach-fti_coachTests.debug.xcconfig */ = {isa = PBXFileReference; includeInIndex = 1; lastKnownFileType = text.xcconfig; name = "Pods-fti_coach-fti_coachTests.debug.xcconfig"; path = "Target Support Files/Pods-fti_coach-fti_coachTests/Pods-fti_coach-fti_coachTests.debug.xcconfig"; sourceTree = "<group>"; };
		788BB49976F902CF09C715D1 /* Pods-fti_coach.debug.xcconfig */ = {isa = PBXFileReference; includeInIndex = 1; lastKnownFileType = text.xcconfig; name = "Pods-fti_coach.debug.xcconfig"; path = "Target Support Files/Pods-fti_coach/Pods-fti_coach.debug.xcconfig"; sourceTree = "<group>"; };
		7A55273C276E4BF2B8A149D0 /* libPods-fti_coach-fti_coachTests.a */ = {isa = PBXFileReference; explicitFileType = archive.ar; includeInIndex = 0; path = "libPods-fti_coach-fti_coachTests.a"; sourceTree = BUILT_PRODUCTS_DIR; };
		7C196FE64AAE4BD7B889E7CF /* Poppins-ExtraLight.ttf */ = {isa = PBXFileReference; explicitFileType = undefined; fileEncoding = 9; includeInIndex = 0; lastKnownFileType = unknown; name = "Poppins-ExtraLight.ttf"; path = "../Assets/Fonts/Poppins-ExtraLight.ttf"; sourceTree = "<group>"; };
		81AB9BB72411601600AC10FF /* LaunchScreen.storyboard */ = {isa = PBXFileReference; fileEncoding = 4; lastKnownFileType = file.storyboard; name = LaunchScreen.storyboard; path = fti_coach/LaunchScreen.storyboard; sourceTree = "<group>"; };
		827E98C8269CAC120081A7FA /* fti_coach.entitlements */ = {isa = PBXFileReference; lastKnownFileType = text.plist.entitlements; name = fti_coach.entitlements; path = fti_coach/fti_coach.entitlements; sourceTree = "<group>"; };
		87732D5AEB7D40168951074B /* Poppins-MediumItalic.ttf */ = {isa = PBXFileReference; explicitFileType = undefined; fileEncoding = 9; includeInIndex = 0; lastKnownFileType = unknown; name = "Poppins-MediumItalic.ttf"; path = "../Assets/Fonts/Poppins-MediumItalic.ttf"; sourceTree = "<group>"; };
		8C10AEABE8CE407686E458DA /* MaterialCommunityIcons.ttf */ = {isa = PBXFileReference; explicitFileType = undefined; fileEncoding = 9; includeInIndex = 0; lastKnownFileType = unknown; name = MaterialCommunityIcons.ttf; path = "../node_modules/native-base/Fonts/MaterialCommunityIcons.ttf"; sourceTree = "<group>"; };
		9627B98637F14A8EB5A6C684 /* Octicons.ttf */ = {isa = PBXFileReference; explicitFileType = undefined; fileEncoding = 9; includeInIndex = 0; lastKnownFileType = unknown; name = Octicons.ttf; path = "../node_modules/native-base/Fonts/Octicons.ttf"; sourceTree = "<group>"; };
		9CE3111DCAB5461A951CB402 /* Roboto_medium.ttf */ = {isa = PBXFileReference; explicitFileType = undefined; fileEncoding = 9; includeInIndex = 0; lastKnownFileType = unknown; name = Roboto_medium.ttf; path = "../node_modules/native-base/Fonts/Roboto_medium.ttf"; sourceTree = "<group>"; };
		A8F0A34D450B44C688FD1489 /* EvilIcons.ttf */ = {isa = PBXFileReference; explicitFileType = undefined; fileEncoding = 9; includeInIndex = 0; lastKnownFileType = unknown; name = EvilIcons.ttf; path = "../node_modules/native-base/Fonts/EvilIcons.ttf"; sourceTree = "<group>"; };
		ABA8389809EB45C8A98347B0 /* Poppins-BlackItalic.ttf */ = {isa = PBXFileReference; explicitFileType = undefined; fileEncoding = 9; includeInIndex = 0; lastKnownFileType = unknown; name = "Poppins-BlackItalic.ttf"; path = "../Assets/Fonts/Poppins-BlackItalic.ttf"; sourceTree = "<group>"; };
		B5F4235B649A4EB3B8AE3EA9 /* Poppins-Thin.ttf */ = {isa = PBXFileReference; explicitFileType = undefined; fileEncoding = 9; includeInIndex = 0; lastKnownFileType = unknown; name = "Poppins-Thin.ttf"; path = "../Assets/Fonts/Poppins-Thin.ttf"; sourceTree = "<group>"; };
		B7B48D18AA4C4B5DA93EEE49 /* FontAwesome5_Solid.ttf */ = {isa = PBXFileReference; explicitFileType = undefined; fileEncoding = 9; includeInIndex = 0; lastKnownFileType = unknown; name = FontAwesome5_Solid.ttf; path = "../node_modules/native-base/Fonts/FontAwesome5_Solid.ttf"; sourceTree = "<group>"; };
		BB6A8630C3B0400F8D3EE4F5 /* Poppins-SemiBold.ttf */ = {isa = PBXFileReference; explicitFileType = undefined; fileEncoding = 9; includeInIndex = 0; lastKnownFileType = unknown; name = "Poppins-SemiBold.ttf"; path = "../Assets/Fonts/Poppins-SemiBold.ttf"; sourceTree = "<group>"; };
		C3209E2766DE4405A6E10510 /* Poppins-ExtraBold.ttf */ = {isa = PBXFileReference; explicitFileType = undefined; fileEncoding = 9; includeInIndex = 0; lastKnownFileType = unknown; name = "Poppins-ExtraBold.ttf"; path = "../Assets/Fonts/Poppins-ExtraBold.ttf"; sourceTree = "<group>"; };
		C852C2388ACD4977ACEDDCC8 /* Poppins-Bold.ttf */ = {isa = PBXFileReference; explicitFileType = undefined; fileEncoding = 9; includeInIndex = 0; lastKnownFileType = unknown; name = "Poppins-Bold.ttf"; path = "../Assets/Fonts/Poppins-Bold.ttf"; sourceTree = "<group>"; };
		CC75DF40F42D4C34A1D78FA1 /* Fontisto.ttf */ = {isa = PBXFileReference; explicitFileType = undefined; fileEncoding = 9; includeInIndex = 0; lastKnownFileType = unknown; name = Fontisto.ttf; path = "../node_modules/native-base/Fonts/Fontisto.ttf"; sourceTree = "<group>"; };
		CDC9BD6B479240D9BBF78D2E /* Poppins-Italic.ttf */ = {isa = PBXFileReference; explicitFileType = undefined; fileEncoding = 9; includeInIndex = 0; lastKnownFileType = unknown; name = "Poppins-Italic.ttf"; path = "../Assets/Fonts/Poppins-Italic.ttf"; sourceTree = "<group>"; };
		D062B1DF07FE4095B395C74D /* FontAwesome5_Brands.ttf */ = {isa = PBXFileReference; explicitFileType = undefined; fileEncoding = 9; includeInIndex = 0; lastKnownFileType = unknown; name = FontAwesome5_Brands.ttf; path = "../node_modules/native-base/Fonts/FontAwesome5_Brands.ttf"; sourceTree = "<group>"; };
		D1A0DFC239004FD98F5D8703 /* FontAwesome.ttf */ = {isa = PBXFileReference; explicitFileType = undefined; fileEncoding = 9; includeInIndex = 0; lastKnownFileType = unknown; name = FontAwesome.ttf; path = "../node_modules/native-base/Fonts/FontAwesome.ttf"; sourceTree = "<group>"; };
		D8B39820CD6543D8B3AEC4C4 /* Feather.ttf */ = {isa = PBXFileReference; explicitFileType = undefined; fileEncoding = 9; includeInIndex = 0; lastKnownFileType = unknown; name = Feather.ttf; path = "../node_modules/native-base/Fonts/Feather.ttf"; sourceTree = "<group>"; };
		E0D264B8C3B244AEA98D8A90 /* Entypo.ttf */ = {isa = PBXFileReference; explicitFileType = undefined; fileEncoding = 9; includeInIndex = 0; lastKnownFileType = unknown; name = Entypo.ttf; path = "../node_modules/native-base/Fonts/Entypo.ttf"; sourceTree = "<group>"; };
		E285C02C8B304288B6D532F3 /* Poppins-ExtraLightItalic.ttf */ = {isa = PBXFileReference; explicitFileType = undefined; fileEncoding = 9; includeInIndex = 0; lastKnownFileType = unknown; name = "Poppins-ExtraLightItalic.ttf"; path = "../Assets/Fonts/Poppins-ExtraLightItalic.ttf"; sourceTree = "<group>"; };
		E81DF346C1BD42B1D2DF95BE /* Pods-fti_coach-fti_coachTests.release.xcconfig */ = {isa = PBXFileReference; includeInIndex = 1; lastKnownFileType = text.xcconfig; name = "Pods-fti_coach-fti_coachTests.release.xcconfig"; path = "Target Support Files/Pods-fti_coach-fti_coachTests/Pods-fti_coach-fti_coachTests.release.xcconfig"; sourceTree = "<group>"; };
		EA275E3169144A94ABE0F946 /* Poppins-ThinItalic.ttf */ = {isa = PBXFileReference; explicitFileType = undefined; fileEncoding = 9; includeInIndex = 0; lastKnownFileType = unknown; name = "Poppins-ThinItalic.ttf"; path = "../Assets/Fonts/Poppins-ThinItalic.ttf"; sourceTree = "<group>"; };
		EADFF9A87AA5428DBBB7DBA4 /* Poppins-LightItalic.ttf */ = {isa = PBXFileReference; explicitFileType = undefined; fileEncoding = 9; includeInIndex = 0; lastKnownFileType = unknown; name = "Poppins-LightItalic.ttf"; path = "../Assets/Fonts/Poppins-LightItalic.ttf"; sourceTree = "<group>"; };
		ED297162215061F000B7C4FE /* JavaScriptCore.framework */ = {isa = PBXFileReference; lastKnownFileType = wrapper.framework; name = JavaScriptCore.framework; path = System/Library/Frameworks/JavaScriptCore.framework; sourceTree = SDKROOT; };
/* End PBXFileReference section */

/* Begin PBXFrameworksBuildPhase section */
		00E356EB1AD99517003FC87E /* Frameworks */ = {
			isa = PBXFrameworksBuildPhase;
			buildActionMask = 2147483647;
			files = (
				F50425AD34E9DBE83CAC37F3 /* libPods-fti_coach-fti_coachTests.a in Frameworks */,
			);
			runOnlyForDeploymentPostprocessing = 0;
		};
		13B07F8C1A680F5B00A75B9A /* Frameworks */ = {
			isa = PBXFrameworksBuildPhase;
			buildActionMask = 2147483647;
			files = (
				B357196E4A46D85BBB435288 /* libPods-fti_coach.a in Frameworks */,
			);
			runOnlyForDeploymentPostprocessing = 0;
		};
/* End PBXFrameworksBuildPhase section */

/* Begin PBXGroup section */
		00E356EF1AD99517003FC87E /* fti_coachTests */ = {
			isa = PBXGroup;
			children = (
				00E356F21AD99517003FC87E /* fti_coachTests.m */,
				00E356F01AD99517003FC87E /* Supporting Files */,
			);
			path = fti_coachTests;
			sourceTree = "<group>";
		};
		00E356F01AD99517003FC87E /* Supporting Files */ = {
			isa = PBXGroup;
			children = (
				00E356F11AD99517003FC87E /* Info.plist */,
			);
			name = "Supporting Files";
			sourceTree = "<group>";
		};
		13B07FAE1A68108700A75B9A /* fti_coach */ = {
			isa = PBXGroup;
			children = (
				827E98C8269CAC120081A7FA /* fti_coach.entitlements */,
				13B07FAF1A68108700A75B9A /* AppDelegate.h */,
				13B07FB01A68108700A75B9A /* AppDelegate.m */,
				13B07FB51A68108700A75B9A /* Images.xcassets */,
				13B07FB61A68108700A75B9A /* Info.plist */,
				81AB9BB72411601600AC10FF /* LaunchScreen.storyboard */,
				13B07FB71A68108700A75B9A /* main.m */,
			);
			name = fti_coach;
			sourceTree = "<group>";
		};
		2D16E6871FA4F8E400B85C8A /* Frameworks */ = {
			isa = PBXGroup;
			children = (
				ED297162215061F000B7C4FE /* JavaScriptCore.framework */,
				105616E6D23CD80236ABD083 /* libPods-fti_coach.a */,
				7A55273C276E4BF2B8A149D0 /* libPods-fti_coach-fti_coachTests.a */,
			);
			name = Frameworks;
			sourceTree = "<group>";
		};
		8256AE8026A947500072F806 /* Recovered References */ = {
			isa = PBXGroup;
			children = (
			);
			name = "Recovered References";
			sourceTree = "<group>";
		};
		832341AE1AAA6A7D00B99B32 /* Libraries */ = {
			isa = PBXGroup;
			children = (
			);
			name = Libraries;
			sourceTree = "<group>";
		};
		83CBB9F61A601CBA00E9B192 = {
			isa = PBXGroup;
			children = (
				18FC0C8426948A0E0006811A /* GoogleService-Info.plist */,
				13B07FAE1A68108700A75B9A /* fti_coach */,
				832341AE1AAA6A7D00B99B32 /* Libraries */,
				00E356EF1AD99517003FC87E /* fti_coachTests */,
				83CBBA001A601CBA00E9B192 /* Products */,
				2D16E6871FA4F8E400B85C8A /* Frameworks */,
				CB0B201B82DF4741BEF58164 /* Resources */,
				A64D2E7022B84589A03E0214 /* Pods */,
				8256AE8026A947500072F806 /* Recovered References */,
			);
			indentWidth = 2;
			sourceTree = "<group>";
			tabWidth = 2;
			usesTabs = 0;
		};
		83CBBA001A601CBA00E9B192 /* Products */ = {
			isa = PBXGroup;
			children = (
				13B07F961A680F5B00A75B9A /* fti_coach.app */,
				00E356EE1AD99517003FC87E /* fti_coachTests.xctest */,
			);
			name = Products;
			sourceTree = "<group>";
		};
		A64D2E7022B84589A03E0214 /* Pods */ = {
			isa = PBXGroup;
			children = (
				788BB49976F902CF09C715D1 /* Pods-fti_coach.debug.xcconfig */,
				14DC9D9A204C6103F630422F /* Pods-fti_coach.release.xcconfig */,
				719A1C2B2093B7DC88AFDFE7 /* Pods-fti_coach-fti_coachTests.debug.xcconfig */,
				E81DF346C1BD42B1D2DF95BE /* Pods-fti_coach-fti_coachTests.release.xcconfig */,
			);
			path = Pods;
			sourceTree = "<group>";
		};
		CB0B201B82DF4741BEF58164 /* Resources */ = {
			isa = PBXGroup;
			children = (
				40E87B5C5DB54A029736AF52 /* Poppins-Black.ttf */,
				ABA8389809EB45C8A98347B0 /* Poppins-BlackItalic.ttf */,
				C852C2388ACD4977ACEDDCC8 /* Poppins-Bold.ttf */,
				56534AE1BDE24C4D97C25B88 /* Poppins-BoldItalic.ttf */,
				C3209E2766DE4405A6E10510 /* Poppins-ExtraBold.ttf */,
				56E013A7E9E44C71B7A819A4 /* Poppins-ExtraBoldItalic.ttf */,
				7C196FE64AAE4BD7B889E7CF /* Poppins-ExtraLight.ttf */,
				E285C02C8B304288B6D532F3 /* Poppins-ExtraLightItalic.ttf */,
				CDC9BD6B479240D9BBF78D2E /* Poppins-Italic.ttf */,
				12558F61375F4EF0BB0ED9B3 /* Poppins-Light.ttf */,
				EADFF9A87AA5428DBBB7DBA4 /* Poppins-LightItalic.ttf */,
				00166496D7F3425AA6866202 /* Poppins-Medium.ttf */,
				87732D5AEB7D40168951074B /* Poppins-MediumItalic.ttf */,
				483D4C8212EE4818817EC6DB /* Poppins-Regular.ttf */,
				BB6A8630C3B0400F8D3EE4F5 /* Poppins-SemiBold.ttf */,
				23EF66AB02F448D795F676A5 /* Poppins-SemiBoldItalic.ttf */,
				B5F4235B649A4EB3B8AE3EA9 /* Poppins-Thin.ttf */,
				EA275E3169144A94ABE0F946 /* Poppins-ThinItalic.ttf */,
				3682FCCAC1E840B182FE60E4 /* AntDesign.ttf */,
				E0D264B8C3B244AEA98D8A90 /* Entypo.ttf */,
				A8F0A34D450B44C688FD1489 /* EvilIcons.ttf */,
				D8B39820CD6543D8B3AEC4C4 /* Feather.ttf */,
				D1A0DFC239004FD98F5D8703 /* FontAwesome.ttf */,
				D062B1DF07FE4095B395C74D /* FontAwesome5_Brands.ttf */,
				24E195682F4D42858B416133 /* FontAwesome5_Regular.ttf */,
				B7B48D18AA4C4B5DA93EEE49 /* FontAwesome5_Solid.ttf */,
				CC75DF40F42D4C34A1D78FA1 /* Fontisto.ttf */,
				163C489C61B64B02A2E2CB96 /* Foundation.ttf */,
				1A790E1E17E84FFAB9C0AB3E /* Ionicons.ttf */,
				8C10AEABE8CE407686E458DA /* MaterialCommunityIcons.ttf */,
				71298DB84AAE4BFFBB457A85 /* MaterialIcons.ttf */,
				9627B98637F14A8EB5A6C684 /* Octicons.ttf */,
				9CE3111DCAB5461A951CB402 /* Roboto_medium.ttf */,
				58D2114E9D7B49F896B915EA /* Roboto.ttf */,
				28CBB276B99C4313A4EA398F /* rubicon-icon-font.ttf */,
				26C2D9E663D84351905F4664 /* SimpleLineIcons.ttf */,
				4129F367AE5145638131F2FB /* Zocial.ttf */,
			);
			name = Resources;
			sourceTree = "<group>";
		};
/* End PBXGroup section */

/* Begin PBXNativeTarget section */
		00E356ED1AD99517003FC87E /* fti_coachTests */ = {
			isa = PBXNativeTarget;
			buildConfigurationList = 00E357021AD99517003FC87E /* Build configuration list for PBXNativeTarget "fti_coachTests" */;
			buildPhases = (
				6218172EB4FA2F3A400339CE /* [CP] Check Pods Manifest.lock */,
				00E356EA1AD99517003FC87E /* Sources */,
				00E356EB1AD99517003FC87E /* Frameworks */,
				00E356EC1AD99517003FC87E /* Resources */,
				6F2F473079DDF8D21CADFF06 /* [CP] Copy Pods Resources */,
			);
			buildRules = (
			);
			dependencies = (
				00E356F51AD99517003FC87E /* PBXTargetDependency */,
			);
			name = fti_coachTests;
			productName = fti_coachTests;
			productReference = 00E356EE1AD99517003FC87E /* fti_coachTests.xctest */;
			productType = "com.apple.product-type.bundle.unit-test";
		};
		13B07F861A680F5B00A75B9A /* fti_coach */ = {
			isa = PBXNativeTarget;
			buildConfigurationList = 13B07F931A680F5B00A75B9A /* Build configuration list for PBXNativeTarget "fti_coach" */;
			buildPhases = (
				AA9025A2295040A2EAE8F37E /* [CP] Check Pods Manifest.lock */,
				FD10A7F022414F080027D42C /* Start Packager */,
				13B07F871A680F5B00A75B9A /* Sources */,
				13B07F8C1A680F5B00A75B9A /* Frameworks */,
				13B07F8E1A680F5B00A75B9A /* Resources */,
				00DD1BFF1BD5951E006B06BC /* Bundle React Native code and images */,
				723DD997231F56E32FA66D8C /* [CP] Copy Pods Resources */,
				B04099604BAFFE4399672D52 /* [CP-User] [RNFB] Core Configuration */,
			);
			buildRules = (
			);
			dependencies = (
			);
			name = fti_coach;
			productName = fti_coach;
			productReference = 13B07F961A680F5B00A75B9A /* fti_coach.app */;
			productType = "com.apple.product-type.application";
		};
/* End PBXNativeTarget section */

/* Begin PBXProject section */
		83CBB9F71A601CBA00E9B192 /* Project object */ = {
			isa = PBXProject;
			attributes = {
				LastUpgradeCheck = 1210;
				TargetAttributes = {
					00E356ED1AD99517003FC87E = {
						CreatedOnToolsVersion = 6.2;
						TestTargetID = 13B07F861A680F5B00A75B9A;
					};
					13B07F861A680F5B00A75B9A = {
						LastSwiftMigration = 1120;
					};
				};
			};
			buildConfigurationList = 83CBB9FA1A601CBA00E9B192 /* Build configuration list for PBXProject "fti_coach" */;
			compatibilityVersion = "Xcode 15.0";
			developmentRegion = en;
			hasScannedForEncodings = 0;
			knownRegions = (
				en,
				Base,
			);
			mainGroup = 83CBB9F61A601CBA00E9B192;
			productRefGroup = 83CBBA001A601CBA00E9B192 /* Products */;
			projectDirPath = "";
			projectRoot = "";
			targets = (
				13B07F861A680F5B00A75B9A /* fti_coach */,
				00E356ED1AD99517003FC87E /* fti_coachTests */,
			);
		};
/* End PBXProject section */

/* Begin PBXResourcesBuildPhase section */
		00E356EC1AD99517003FC87E /* Resources */ = {
			isa = PBXResourcesBuildPhase;
			buildActionMask = 2147483647;
			files = (
			);
			runOnlyForDeploymentPostprocessing = 0;
		};
		13B07F8E1A680F5B00A75B9A /* Resources */ = {
			isa = PBXResourcesBuildPhase;
			buildActionMask = 2147483647;
			files = (
				81AB9BB82411601600AC10FF /* LaunchScreen.storyboard in Resources */,
				13B07FBF1A68108700A75B9A /* Images.xcassets in Resources */,
				45D12E826D4549EAA930DA69 /* Poppins-Black.ttf in Resources */,
				48BE1DE1248445FC83CFA0E9 /* Poppins-BlackItalic.ttf in Resources */,
				535A2C79B3E44ECB92093217 /* Poppins-Bold.ttf in Resources */,
				EE5129E3ABE04B17B7E2DBEB /* Poppins-BoldItalic.ttf in Resources */,
				11C6D310DD9A473C981A41E4 /* Poppins-ExtraBold.ttf in Resources */,
				97F2027D55A7412C816454C6 /* Poppins-ExtraBoldItalic.ttf in Resources */,
				CAAA3DDA587D47D2AE77B8A4 /* Poppins-ExtraLight.ttf in Resources */,
				0A66C6C57EEF45E982E51191 /* Poppins-ExtraLightItalic.ttf in Resources */,
				9210076EC19E46C9ACCBEFA9 /* Poppins-Italic.ttf in Resources */,
				FA5FAF3C58034233BF98B686 /* Poppins-Light.ttf in Resources */,
				E962FB54BC084ABB82A573CF /* Poppins-LightItalic.ttf in Resources */,
				134CFBB71D274A89AF8EB6ED /* Poppins-Medium.ttf in Resources */,
				AB75E2618C164A4CA479E146 /* Poppins-MediumItalic.ttf in Resources */,
				B80F81B794B447F5B11CCA40 /* Poppins-Regular.ttf in Resources */,
				1D2F24B347E345BB8E5D8B00 /* Poppins-SemiBold.ttf in Resources */,
				18FC0C8526948A0E0006811A /* GoogleService-Info.plist in Resources */,
				2AC724F57BAB40C6AB1F102D /* Poppins-SemiBoldItalic.ttf in Resources */,
				4CE87EB70DB349E3BABE15D9 /* Poppins-Thin.ttf in Resources */,
				08E8A17C34444CEDB4DC30F2 /* Poppins-ThinItalic.ttf in Resources */,
				8E3FC5E295044E8D8927B601 /* AntDesign.ttf in Resources */,
				A6A255CC439247E4A90D0A77 /* Entypo.ttf in Resources */,
				7AE922E1C0DC47028C1B5A68 /* EvilIcons.ttf in Resources */,
				C76E804A4C01420384F2F66E /* Feather.ttf in Resources */,
				11A1895AA96C48FA984298DA /* FontAwesome.ttf in Resources */,
				751AA5211EA74EAB9A1414F3 /* FontAwesome5_Brands.ttf in Resources */,
				469CC1E1BB1A4A00B2076E87 /* FontAwesome5_Regular.ttf in Resources */,
				1905B76B0E9646568706ECA5 /* FontAwesome5_Solid.ttf in Resources */,
				9AC207384B0F461E85DAE56E /* Fontisto.ttf in Resources */,
				780F46ABA33A40979103D8A9 /* Foundation.ttf in Resources */,
				AF7D873F4EEC46F7B1E52FDF /* Ionicons.ttf in Resources */,
				7F0544DF849A464AAC97386E /* MaterialCommunityIcons.ttf in Resources */,
				29CDBBF3C1624187B47246EB /* MaterialIcons.ttf in Resources */,
				0BFC406634774351BDBA4901 /* Octicons.ttf in Resources */,
				9AD801028C314AF5B6846FA9 /* Roboto_medium.ttf in Resources */,
				D3928C8D17704489B4999AF5 /* Roboto.ttf in Resources */,
				0F4177AE59FE40C087DCE65F /* rubicon-icon-font.ttf in Resources */,
				1CE4A7D162344F028BA6F8C0 /* SimpleLineIcons.ttf in Resources */,
				41383DA0D9D343D8B4390878 /* Zocial.ttf in Resources */,
			);
			runOnlyForDeploymentPostprocessing = 0;
		};
/* End PBXResourcesBuildPhase section */

/* Begin PBXShellScriptBuildPhase section */
		00DD1BFF1BD5951E006B06BC /* Bundle React Native code and images */ = {
			isa = PBXShellScriptBuildPhase;
			buildActionMask = 2147483647;
			files = (
			);
			inputPaths = (
			);
			name = "Bundle React Native code and images";
			outputPaths = (
			);
			runOnlyForDeploymentPostprocessing = 0;
			shellPath = /bin/sh;
			shellScript = "set -e\n\nexport NODE_BINARY=node\n../node_modules/react-native/scripts/react-native-xcode.sh\n";
		};
		6218172EB4FA2F3A400339CE /* [CP] Check Pods Manifest.lock */ = {
			isa = PBXShellScriptBuildPhase;
			buildActionMask = 2147483647;
			files = (
			);
			inputFileListPaths = (
			);
			inputPaths = (
				"${PODS_PODFILE_DIR_PATH}/Podfile.lock",
				"${PODS_ROOT}/Manifest.lock",
			);
			name = "[CP] Check Pods Manifest.lock";
			outputFileListPaths = (
			);
			outputPaths = (
				"$(DERIVED_FILE_DIR)/Pods-fti_coach-fti_coachTests-checkManifestLockResult.txt",
			);
			runOnlyForDeploymentPostprocessing = 0;
			shellPath = /bin/sh;
			shellScript = "diff \"${PODS_PODFILE_DIR_PATH}/Podfile.lock\" \"${PODS_ROOT}/Manifest.lock\" > /dev/null\nif [ $? != 0 ] ; then\n    # print error to STDERR\n    echo \"error: The sandbox is not in sync with the Podfile.lock. Run 'pod install' or update your CocoaPods installation.\" >&2\n    exit 1\nfi\n# This output is used by Xcode 'outputs' to avoid re-running this script phase.\necho \"SUCCESS\" > \"${SCRIPT_OUTPUT_FILE_0}\"\n";
			showEnvVarsInLog = 0;
		};
		6F2F473079DDF8D21CADFF06 /* [CP] Copy Pods Resources */ = {
			isa = PBXShellScriptBuildPhase;
			buildActionMask = 2147483647;
			files = (
			);
			inputFileListPaths = (
				"${PODS_ROOT}/Target Support Files/Pods-fti_coach-fti_coachTests/Pods-fti_coach-fti_coachTests-resources-${CONFIGURATION}-input-files.xcfilelist",
			);
			name = "[CP] Copy Pods Resources";
			outputFileListPaths = (
				"${PODS_ROOT}/Target Support Files/Pods-fti_coach-fti_coachTests/Pods-fti_coach-fti_coachTests-resources-${CONFIGURATION}-output-files.xcfilelist",
			);
			runOnlyForDeploymentPostprocessing = 0;
			shellPath = /bin/sh;
			shellScript = "\"${PODS_ROOT}/Target Support Files/Pods-fti_coach-fti_coachTests/Pods-fti_coach-fti_coachTests-resources.sh\"\n";
			showEnvVarsInLog = 0;
		};
		723DD997231F56E32FA66D8C /* [CP] Copy Pods Resources */ = {
			isa = PBXShellScriptBuildPhase;
			buildActionMask = 2147483647;
			files = (
			);
			inputFileListPaths = (
				"${PODS_ROOT}/Target Support Files/Pods-fti_coach/Pods-fti_coach-resources-${CONFIGURATION}-input-files.xcfilelist",
			);
			name = "[CP] Copy Pods Resources";
			outputFileListPaths = (
				"${PODS_ROOT}/Target Support Files/Pods-fti_coach/Pods-fti_coach-resources-${CONFIGURATION}-output-files.xcfilelist",
			);
			runOnlyForDeploymentPostprocessing = 0;
			shellPath = /bin/sh;
			shellScript = "\"${PODS_ROOT}/Target Support Files/Pods-fti_coach/Pods-fti_coach-resources.sh\"\n";
			showEnvVarsInLog = 0;
		};
		AA9025A2295040A2EAE8F37E /* [CP] Check Pods Manifest.lock */ = {
			isa = PBXShellScriptBuildPhase;
			buildActionMask = 2147483647;
			files = (
			);
			inputFileListPaths = (
			);
			inputPaths = (
				"${PODS_PODFILE_DIR_PATH}/Podfile.lock",
				"${PODS_ROOT}/Manifest.lock",
			);
			name = "[CP] Check Pods Manifest.lock";
			outputFileListPaths = (
			);
			outputPaths = (
				"$(DERIVED_FILE_DIR)/Pods-fti_coach-checkManifestLockResult.txt",
			);
			runOnlyForDeploymentPostprocessing = 0;
			shellPath = /bin/sh;
			shellScript = "diff \"${PODS_PODFILE_DIR_PATH}/Podfile.lock\" \"${PODS_ROOT}/Manifest.lock\" > /dev/null\nif [ $? != 0 ] ; then\n    # print error to STDERR\n    echo \"error: The sandbox is not in sync with the Podfile.lock. Run 'pod install' or update your CocoaPods installation.\" >&2\n    exit 1\nfi\n# This output is used by Xcode 'outputs' to avoid re-running this script phase.\necho \"SUCCESS\" > \"${SCRIPT_OUTPUT_FILE_0}\"\n";
			showEnvVarsInLog = 0;
		};
		B04099604BAFFE4399672D52 /* [CP-User] [RNFB] Core Configuration */ = {
			isa = PBXShellScriptBuildPhase;
			buildActionMask = 2147483647;
			files = (
			);
			inputPaths = (
				"$(SRCROOT)/$(BUILT_PRODUCTS_DIR)/$(INFOPLIST_PATH)",
			);
			name = "[CP-User] [RNFB] Core Configuration";
			runOnlyForDeploymentPostprocessing = 0;
			shellPath = /bin/sh;
			shellScript = "#!/usr/bin/env bash\n#\n# Copyright (c) 2016-present Invertase Limited & Contributors\n#\n# Licensed under the Apache License, Version 2.0 (the \"License\");\n# you may not use this library except in compliance with the License.\n# You may obtain a copy of the License at\n#\n#   http://www.apache.org/licenses/LICENSE-2.0\n#\n# Unless required by applicable law or agreed to in writing, software\n# distributed under the License is distributed on an \"AS IS\" BASIS,\n# WITHOUT WARRANTIES OR CONDITIONS OF ANY KIND, either express or implied.\n# See the License for the specific language governing permissions and\n# limitations under the License.\n#\nset -e\n\n_MAX_LOOKUPS=2;\n_SEARCH_RESULT=''\n_RN_ROOT_EXISTS=''\n_CURRENT_LOOKUPS=1\n_JSON_ROOT=\"'react-native'\"\n_JSON_FILE_NAME='firebase.json'\n_JSON_OUTPUT_BASE64='e30=' # { }\n_CURRENT_SEARCH_DIR=${PROJECT_DIR}\n_PLIST_BUDDY=/usr/libexec/PlistBuddy\n_TARGET_PLIST=\"${BUILT_PRODUCTS_DIR}/${INFOPLIST_PATH}\"\n_DSYM_PLIST=\"${DWARF_DSYM_FOLDER_PATH}/${DWARF_DSYM_FILE_NAME}/Contents/Info.plist\"\n\n# plist arrays\n_PLIST_ENTRY_KEYS=()\n_PLIST_ENTRY_TYPES=()\n_PLIST_ENTRY_VALUES=()\n\nfunction setPlistValue {\n  echo \"info:      setting plist entry '$1' of type '$2' in file '$4'\"\n  ${_PLIST_BUDDY} -c \"Add :$1 $2 '$3'\" $4 || echo \"info:      '$1' already exists\"\n}\n\nfunction getFirebaseJsonKeyValue () {\n  if [[ ${_RN_ROOT_EXISTS} ]]; then\n    ruby -e \"require 'rubygems';require 'json'; output=JSON.parse('$1'); puts output[$_JSON_ROOT]['$2']\"\n  else\n    echo \"\"\n  fi;\n}\n\nfunction jsonBoolToYesNo () {\n  if [[ $1 == \"false\" ]]; then\n    echo \"NO\"\n  elif [[ $1 == \"true\" ]]; then\n    echo \"YES\"\n  else echo \"NO\"\n  fi\n}\n\necho \"info: -> RNFB build script started\"\necho \"info: 1) Locating ${_JSON_FILE_NAME} file:\"\n\nif [[ -z ${_CURRENT_SEARCH_DIR} ]]; then\n  _CURRENT_SEARCH_DIR=$(pwd)\nfi;\n\nwhile true; do\n  _CURRENT_SEARCH_DIR=$(dirname \"$_CURRENT_SEARCH_DIR\")\n  if [[ \"$_CURRENT_SEARCH_DIR\" == \"/\" ]] || [[ ${_CURRENT_LOOKUPS} -gt ${_MAX_LOOKUPS} ]]; then break; fi;\n  echo \"info:      ($_CURRENT_LOOKUPS of $_MAX_LOOKUPS) Searching in '$_CURRENT_SEARCH_DIR' for a ${_JSON_FILE_NAME} file.\"\n  _SEARCH_RESULT=$(find \"$_CURRENT_SEARCH_DIR\" -maxdepth 2 -name ${_JSON_FILE_NAME} -print | head -n 1)\n  if [[ ${_SEARCH_RESULT} ]]; then\n    echo \"info:      ${_JSON_FILE_NAME} found at $_SEARCH_RESULT\"\n    break;\n  fi;\n  _CURRENT_LOOKUPS=$((_CURRENT_LOOKUPS+1))\ndone\n\nif [[ ${_SEARCH_RESULT} ]]; then\n  _JSON_OUTPUT_RAW=$(cat \"${_SEARCH_RESULT}\")\n  _RN_ROOT_EXISTS=$(ruby -e \"require 'rubygems';require 'json'; output=JSON.parse('$_JSON_OUTPUT_RAW'); puts output[$_JSON_ROOT]\" || echo '')\n\n  if [[ ${_RN_ROOT_EXISTS} ]]; then\n    _JSON_OUTPUT_BASE64=$(python -c 'import json,sys,base64;print(base64.b64encode(json.dumps(json.loads(open('\"'${_SEARCH_RESULT}'\"').read())['${_JSON_ROOT}'])))' || echo \"e30=\")\n  fi\n\n  _PLIST_ENTRY_KEYS+=(\"firebase_json_raw\")\n  _PLIST_ENTRY_TYPES+=(\"string\")\n  _PLIST_ENTRY_VALUES+=(\"$_JSON_OUTPUT_BASE64\")\n\n  # config.analytics_auto_collection_enabled\n  _ANALYTICS_AUTO_COLLECTION=$(getFirebaseJsonKeyValue \"$_JSON_OUTPUT_RAW\" \"analytics_auto_collection_enabled\")\n  if [[ $_ANALYTICS_AUTO_COLLECTION ]]; then\n    _PLIST_ENTRY_KEYS+=(\"FIREBASE_ANALYTICS_COLLECTION_ENABLED\")\n    _PLIST_ENTRY_TYPES+=(\"bool\")\n    _PLIST_ENTRY_VALUES+=(\"$(jsonBoolToYesNo \"$_ANALYTICS_AUTO_COLLECTION\")\")\n  fi\n\n  # config.perf_auto_collection_enabled\n  _PERF_AUTO_COLLECTION=$(getFirebaseJsonKeyValue \"$_JSON_OUTPUT_RAW\" \"perf_auto_collection_enabled\")\n  if [[ $_PERF_AUTO_COLLECTION ]]; then\n    _PLIST_ENTRY_KEYS+=(\"firebase_performance_collection_enabled\")\n    _PLIST_ENTRY_TYPES+=(\"bool\")\n    _PLIST_ENTRY_VALUES+=(\"$(jsonBoolToYesNo \"$_PERF_AUTO_COLLECTION\")\")\n  fi\n\n  # config.messaging_auto_init_enabled\n  _MESSAGING_AUTO_INIT=$(getFirebaseJsonKeyValue \"$_JSON_OUTPUT_RAW\" \"messaging_auto_init_enabled\")\n  if [[ $_MESSAGING_AUTO_INIT ]]; then\n    _PLIST_ENTRY_KEYS+=(\"FirebaseMessagingAutoInitEnabled\")\n    _PLIST_ENTRY_TYPES+=(\"bool\")\n    _PLIST_ENTRY_VALUES+=(\"$(jsonBoolToYesNo \"$_MESSAGING_AUTO_INIT\")\")\n  fi\n\n  # config.crashlytics_disable_auto_disabler - undocumented for now - mainly for debugging, document if becomes useful\n  _CRASHLYTICS_AUTO_DISABLE_ENABLED=$(getFirebaseJsonKeyValue \"$_JSON_OUTPUT_RAW\" \"crashlytics_disable_auto_disabler\")\n  if [[ $_CRASHLYTICS_AUTO_DISABLE_ENABLED == \"true\" ]]; then\n    echo \"Disabled Crashlytics auto disabler.\" # do nothing\n  else\n    _PLIST_ENTRY_KEYS+=(\"FirebaseCrashlyticsCollectionEnabled\")\n    _PLIST_ENTRY_TYPES+=(\"bool\")\n    _PLIST_ENTRY_VALUES+=(\"NO\")\n  fi\nelse\n  _PLIST_ENTRY_KEYS+=(\"firebase_json_raw\")\n  _PLIST_ENTRY_TYPES+=(\"string\")\n  _PLIST_ENTRY_VALUES+=(\"$_JSON_OUTPUT_BASE64\")\n  echo \"warning:   A firebase.json file was not found, whilst this file is optional it is recommended to include it to configure firebase services in React Native Firebase.\"\nfi;\n\necho \"info: 2) Injecting Info.plist entries: \"\n\n# Log out the keys we're adding\nfor i in \"${!_PLIST_ENTRY_KEYS[@]}\"; do\n  echo \"    ->  $i) ${_PLIST_ENTRY_KEYS[$i]}\" \"${_PLIST_ENTRY_TYPES[$i]}\" \"${_PLIST_ENTRY_VALUES[$i]}\"\ndone\n\nfor plist in \"${_TARGET_PLIST}\" \"${_DSYM_PLIST}\" ; do\n  if [[ -f \"${plist}\" ]]; then\n\n    # paths with spaces break the call to setPlistValue. temporarily modify\n    # the shell internal field separator variable (IFS), which normally\n    # includes spaces, to consist only of line breaks\n    oldifs=$IFS\n    IFS=\"\n\"\n\n    for i in \"${!_PLIST_ENTRY_KEYS[@]}\"; do\n      setPlistValue \"${_PLIST_ENTRY_KEYS[$i]}\" \"${_PLIST_ENTRY_TYPES[$i]}\" \"${_PLIST_ENTRY_VALUES[$i]}\" \"${plist}\"\n    done\n\n    # restore the original internal field separator value\n    IFS=$oldifs\n  else\n    echo \"warning:   A Info.plist build output file was not found (${plist})\"\n  fi\ndone\n\necho \"info: <- RNFB build script finished\"\n";
		};
		FD10A7F022414F080027D42C /* Start Packager */ = {
			isa = PBXShellScriptBuildPhase;
			buildActionMask = 2147483647;
			files = (
			);
			inputFileListPaths = (
			);
			inputPaths = (
			);
			name = "Start Packager";
			outputFileListPaths = (
			);
			outputPaths = (
			);
			runOnlyForDeploymentPostprocessing = 0;
			shellPath = /bin/sh;
			shellScript = "export RCT_METRO_PORT=\"${RCT_METRO_PORT:=8081}\"\necho \"export RCT_METRO_PORT=${RCT_METRO_PORT}\" > \"${SRCROOT}/../node_modules/react-native/scripts/.packager.env\"\nif [ -z \"${RCT_NO_LAUNCH_PACKAGER+xxx}\" ] ; then\n  if nc -w 5 -z localhost ${RCT_METRO_PORT} ; then\n    if ! curl -s \"http://localhost:${RCT_METRO_PORT}/status\" | grep -q \"packager-status:running\" ; then\n      echo \"Port ${RCT_METRO_PORT} already in use, packager is either not running or not running correctly\"\n      exit 2\n    fi\n  else\n    open \"$SRCROOT/../node_modules/react-native/scripts/launchPackager.command\" || echo \"Can't start packager automatically\"\n  fi\nfi\n";
			showEnvVarsInLog = 0;
		};
/* End PBXShellScriptBuildPhase section */

/* Begin PBXSourcesBuildPhase section */
		00E356EA1AD99517003FC87E /* Sources */ = {
			isa = PBXSourcesBuildPhase;
			buildActionMask = 2147483647;
			files = (
				00E356F31AD99517003FC87E /* fti_coachTests.m in Sources */,
			);
			runOnlyForDeploymentPostprocessing = 0;
		};
		13B07F871A680F5B00A75B9A /* Sources */ = {
			isa = PBXSourcesBuildPhase;
			buildActionMask = 2147483647;
			files = (
				13B07FBC1A68108700A75B9A /* AppDelegate.m in Sources */,
				13B07FC11A68108700A75B9A /* main.m in Sources */,
			);
			runOnlyForDeploymentPostprocessing = 0;
		};
/* End PBXSourcesBuildPhase section */

/* Begin PBXTargetDependency section */
		00E356F51AD99517003FC87E /* PBXTargetDependency */ = {
			isa = PBXTargetDependency;
			target = 13B07F861A680F5B00A75B9A /* fti_coach */;
			targetProxy = 00E356F41AD99517003FC87E /* PBXContainerItemProxy */;
		};
/* End PBXTargetDependency section */

/* Begin XCBuildConfiguration section */
		00E356F61AD99517003FC87E /* Debug */ = {
			isa = XCBuildConfiguration;
			baseConfigurationReference = 719A1C2B2093B7DC88AFDFE7 /* Pods-fti_coach-fti_coachTests.debug.xcconfig */;
			buildSettings = {
				BUNDLE_LOADER = "$(TEST_HOST)";
				GCC_PREPROCESSOR_DEFINITIONS = (
					"DEBUG=1",
					"$(inherited)",
				);
				HEADER_SEARCH_PATHS = "$(inherited)";
				INFOPLIST_FILE = fti_coachTests/Info.plist;
				IPHONEOS_DEPLOYMENT_TARGET = 10.0;
				LD_RUNPATH_SEARCH_PATHS = (
					"$(inherited)",
					"@executable_path/Frameworks",
					"@loader_path/Frameworks",
				);
				LIBRARY_SEARCH_PATHS = "$(inherited)";
				OTHER_LDFLAGS = (
					"-ObjC",
					"-lc++",
					"$(inherited)",
				);
				PRODUCT_BUNDLE_IDENTIFIER = "org.reactjs.native.example.$(PRODUCT_NAME:rfc1034identifier)";
				PRODUCT_NAME = "$(TARGET_NAME)";
				TEST_HOST = "$(BUILT_PRODUCTS_DIR)/fti_coach.app/fti_coach";
			};
			name = Debug;
		};
		00E356F71AD99517003FC87E /* Release */ = {
			isa = XCBuildConfiguration;
			baseConfigurationReference = E81DF346C1BD42B1D2DF95BE /* Pods-fti_coach-fti_coachTests.release.xcconfig */;
			buildSettings = {
				BUNDLE_LOADER = "$(TEST_HOST)";
				COPY_PHASE_STRIP = NO;
				HEADER_SEARCH_PATHS = "$(inherited)";
				INFOPLIST_FILE = fti_coachTests/Info.plist;
				IPHONEOS_DEPLOYMENT_TARGET = 10.0;
				LD_RUNPATH_SEARCH_PATHS = (
					"$(inherited)",
					"@executable_path/Frameworks",
					"@loader_path/Frameworks",
				);
				LIBRARY_SEARCH_PATHS = "$(inherited)";
				OTHER_LDFLAGS = (
					"-ObjC",
					"-lc++",
					"$(inherited)",
				);
				PRODUCT_BUNDLE_IDENTIFIER = "org.reactjs.native.example.$(PRODUCT_NAME:rfc1034identifier)";
				PRODUCT_NAME = "$(TARGET_NAME)";
				TEST_HOST = "$(BUILT_PRODUCTS_DIR)/fti_coach.app/fti_coach";
			};
			name = Release;
		};
		13B07F941A680F5B00A75B9A /* Debug */ = {
			isa = XCBuildConfiguration;
			baseConfigurationReference = 788BB49976F902CF09C715D1 /* Pods-fti_coach.debug.xcconfig */;
			buildSettings = {
				ASSETCATALOG_COMPILER_APPICON_NAME = AppIcon;
				CLANG_ENABLE_MODULES = YES;
				CODE_SIGN_ENTITLEMENTS = fti_coach/fti_coach.entitlements;
				CODE_SIGN_IDENTITY = "Apple Development";
				CODE_SIGN_STYLE = Automatic;
				CURRENT_PROJECT_VERSION = 19;
				DEVELOPMENT_TEAM = 97H8939ZRR;
				ENABLE_BITCODE = NO;
				HEADER_SEARCH_PATHS = "$(inherited)";
				INFOPLIST_FILE = fti_coach/Info.plist;
				IPHONEOS_DEPLOYMENT_TARGET = 15.0;
				LD_RUNPATH_SEARCH_PATHS = (
					"$(inherited)",
					"@executable_path/Frameworks",
				);
				OTHER_LDFLAGS = (
					"$(inherited)",
					"-ObjC",
					"-lc++",
				);
				PRODUCT_BUNDLE_IDENTIFIER = "org.reactjs.native.example.$(PRODUCT_NAME:rfc1034identifier)";
				PRODUCT_NAME = fti_coach;
				PROVISIONING_PROFILE_SPECIFIER = "";
				SWIFT_OPTIMIZATION_LEVEL = "-Onone";
				SWIFT_VERSION = 5.0;
				TARGETED_DEVICE_FAMILY = "1,2";
				VERSIONING_SYSTEM = "apple-generic";
			};
			name = Debug;
		};
		13B07F951A680F5B00A75B9A /* Release */ = {
			isa = XCBuildConfiguration;
			baseConfigurationReference = 14DC9D9A204C6103F630422F /* Pods-fti_coach.release.xcconfig */;
			buildSettings = {
				ASSETCATALOG_COMPILER_APPICON_NAME = AppIcon;
				CLANG_ENABLE_MODULES = YES;
				CODE_SIGN_ENTITLEMENTS = fti_coach/fti_coach.entitlements;
				CODE_SIGN_IDENTITY = "Apple Development";
				CODE_SIGN_STYLE = Automatic;
				CURRENT_PROJECT_VERSION = 19;
				DEVELOPMENT_TEAM = 97H8939ZRR;
				HEADER_SEARCH_PATHS = "$(inherited)";
				INFOPLIST_FILE = fti_coach/Info.plist;
				IPHONEOS_DEPLOYMENT_TARGET = 15.0;
				LD_RUNPATH_SEARCH_PATHS = (
					"$(inherited)",
					"@executable_path/Frameworks",
				);
				OTHER_LDFLAGS = (
					"$(inherited)",
					"-ObjC",
					"-lc++",
				);
				PRODUCT_BUNDLE_IDENTIFIER = "org.reactjs.native.example.$(PRODUCT_NAME:rfc1034identifier)";
				PRODUCT_NAME = fti_coach;
				PROVISIONING_PROFILE_SPECIFIER = "";
				SWIFT_VERSION = 5.0;
				TARGETED_DEVICE_FAMILY = "1,2";
				VERSIONING_SYSTEM = "apple-generic";
			};
			name = Release;
		};
		83CBBA201A601CBA00E9B192 /* Debug */ = {
			isa = XCBuildConfiguration;
			buildSettings = {
				ALWAYS_SEARCH_USER_PATHS = NO;
				CLANG_ANALYZER_LOCALIZABILITY_NONLOCALIZED = YES;
				CLANG_CXX_LANGUAGE_STANDARD = "gnu++0x";
				CLANG_CXX_LIBRARY = "libc++";
				CLANG_ENABLE_MODULES = YES;
				CLANG_ENABLE_OBJC_ARC = YES;
				CLANG_WARN_BLOCK_CAPTURE_AUTORELEASING = YES;
				CLANG_WARN_BOOL_CONVERSION = YES;
				CLANG_WARN_COMMA = YES;
				CLANG_WARN_CONSTANT_CONVERSION = YES;
				CLANG_WARN_DEPRECATED_OBJC_IMPLEMENTATIONS = YES;
				CLANG_WARN_DIRECT_OBJC_ISA_USAGE = YES_ERROR;
				CLANG_WARN_EMPTY_BODY = YES;
				CLANG_WARN_ENUM_CONVERSION = YES;
				CLANG_WARN_INFINITE_RECURSION = YES;
				CLANG_WARN_INT_CONVERSION = YES;
				CLANG_WARN_NON_LITERAL_NULL_CONVERSION = YES;
				CLANG_WARN_OBJC_IMPLICIT_RETAIN_SELF = YES;
				CLANG_WARN_OBJC_LITERAL_CONVERSION = YES;
				CLANG_WARN_OBJC_ROOT_CLASS = YES_ERROR;
				CLANG_WARN_QUOTED_INCLUDE_IN_FRAMEWORK_HEADER = YES;
				CLANG_WARN_RANGE_LOOP_ANALYSIS = YES;
				CLANG_WARN_STRICT_PROTOTYPES = YES;
				CLANG_WARN_SUSPICIOUS_MOVE = YES;
				CLANG_WARN_UNREACHABLE_CODE = YES;
				CLANG_WARN__DUPLICATE_METHOD_MATCH = YES;
				"CODE_SIGN_IDENTITY[sdk=iphoneos*]" = "iPhone Developer";
				COPY_PHASE_STRIP = NO;
				ENABLE_STRICT_OBJC_MSGSEND = YES;
				ENABLE_TESTABILITY = YES;
				"EXCLUDED_ARCHS[sdk=iphonesimulator*]" = "arm64 ";
				GCC_C_LANGUAGE_STANDARD = gnu99;
				GCC_DYNAMIC_NO_PIC = NO;
				GCC_NO_COMMON_BLOCKS = YES;
				GCC_OPTIMIZATION_LEVEL = 0;
				GCC_PREPROCESSOR_DEFINITIONS = (
					"DEBUG=1",
					"$(inherited)",
				);
				GCC_SYMBOLS_PRIVATE_EXTERN = NO;
				GCC_WARN_64_TO_32_BIT_CONVERSION = YES;
				GCC_WARN_ABOUT_RETURN_TYPE = YES_ERROR;
				GCC_WARN_UNDECLARED_SELECTOR = YES;
				GCC_WARN_UNINITIALIZED_AUTOS = YES_AGGRESSIVE;
				GCC_WARN_UNUSED_FUNCTION = YES;
				GCC_WARN_UNUSED_VARIABLE = YES;
				IPHONEOS_DEPLOYMENT_TARGET = 10.0;
				LD_RUNPATH_SEARCH_PATHS = (
					/usr/lib/swift,
					"$(inherited)",
				);
				LIBRARY_SEARCH_PATHS = (
					"\"$(TOOLCHAIN_DIR)/usr/lib/swift/$(PLATFORM_NAME)\"",
					"\"$(TOOLCHAIN_DIR)/usr/lib/swift-5.0/$(PLATFORM_NAME)\"",
					"\"$(inherited)\"",
				);
				MTL_ENABLE_DEBUG_INFO = YES;
				ONLY_ACTIVE_ARCH = YES;
				SDKROOT = iphoneos;
			};
			name = Debug;
		};
		83CBBA211A601CBA00E9B192 /* Release */ = {
			isa = XCBuildConfiguration;
			buildSettings = {
				ALWAYS_SEARCH_USER_PATHS = NO;
				CLANG_ANALYZER_LOCALIZABILITY_NONLOCALIZED = YES;
				CLANG_CXX_LANGUAGE_STANDARD = "gnu++0x";
				CLANG_CXX_LIBRARY = "libc++";
				CLANG_ENABLE_MODULES = YES;
				CLANG_ENABLE_OBJC_ARC = YES;
				CLANG_WARN_BLOCK_CAPTURE_AUTORELEASING = YES;
				CLANG_WARN_BOOL_CONVERSION = YES;
				CLANG_WARN_COMMA = YES;
				CLANG_WARN_CONSTANT_CONVERSION = YES;
				CLANG_WARN_DEPRECATED_OBJC_IMPLEMENTATIONS = YES;
				CLANG_WARN_DIRECT_OBJC_ISA_USAGE = YES_ERROR;
				CLANG_WARN_EMPTY_BODY = YES;
				CLANG_WARN_ENUM_CONVERSION = YES;
				CLANG_WARN_INFINITE_RECURSION = YES;
				CLANG_WARN_INT_CONVERSION = YES;
				CLANG_WARN_NON_LITERAL_NULL_CONVERSION = YES;
				CLANG_WARN_OBJC_IMPLICIT_RETAIN_SELF = YES;
				CLANG_WARN_OBJC_LITERAL_CONVERSION = YES;
				CLANG_WARN_OBJC_ROOT_CLASS = YES_ERROR;
				CLANG_WARN_QUOTED_INCLUDE_IN_FRAMEWORK_HEADER = YES;
				CLANG_WARN_RANGE_LOOP_ANALYSIS = YES;
				CLANG_WARN_STRICT_PROTOTYPES = YES;
				CLANG_WARN_SUSPICIOUS_MOVE = YES;
				CLANG_WARN_UNREACHABLE_CODE = YES;
				CLANG_WARN__DUPLICATE_METHOD_MATCH = YES;
				"CODE_SIGN_IDENTITY[sdk=iphoneos*]" = "iPhone Developer";
				COPY_PHASE_STRIP = YES;
				ENABLE_NS_ASSERTIONS = NO;
				ENABLE_STRICT_OBJC_MSGSEND = YES;
				"EXCLUDED_ARCHS[sdk=iphonesimulator*]" = "arm64 ";
				GCC_C_LANGUAGE_STANDARD = gnu99;
				GCC_NO_COMMON_BLOCKS = YES;
				GCC_WARN_64_TO_32_BIT_CONVERSION = YES;
				GCC_WARN_ABOUT_RETURN_TYPE = YES_ERROR;
				GCC_WARN_UNDECLARED_SELECTOR = YES;
				GCC_WARN_UNINITIALIZED_AUTOS = YES_AGGRESSIVE;
				GCC_WARN_UNUSED_FUNCTION = YES;
				GCC_WARN_UNUSED_VARIABLE = YES;
				IPHONEOS_DEPLOYMENT_TARGET = 10.0;
				LD_RUNPATH_SEARCH_PATHS = (
					/usr/lib/swift,
					"$(inherited)",
				);
				LIBRARY_SEARCH_PATHS = (
					"\"$(TOOLCHAIN_DIR)/usr/lib/swift/$(PLATFORM_NAME)\"",
					"\"$(TOOLCHAIN_DIR)/usr/lib/swift-5.0/$(PLATFORM_NAME)\"",
					"\"$(inherited)\"",
				);
				MTL_ENABLE_DEBUG_INFO = NO;
				SDKROOT = iphoneos;
				VALIDATE_PRODUCT = YES;
			};
			name = Release;
		};
/* End XCBuildConfiguration section */

/* Begin XCConfigurationList section */
		00E357021AD99517003FC87E /* Build configuration list for PBXNativeTarget "fti_coachTests" */ = {
			isa = XCConfigurationList;
			buildConfigurations = (
				00E356F61AD99517003FC87E /* Debug */,
				00E356F71AD99517003FC87E /* Release */,
			);
			defaultConfigurationIsVisible = 0;
			defaultConfigurationName = Release;
		};
		13B07F931A680F5B00A75B9A /* Build configuration list for PBXNativeTarget "fti_coach" */ = {
			isa = XCConfigurationList;
			buildConfigurations = (
				13B07F941A680F5B00A75B9A /* Debug */,
				13B07F951A680F5B00A75B9A /* Release */,
			);
			defaultConfigurationIsVisible = 0;
			defaultConfigurationName = Release;
		};
		83CBB9FA1A601CBA00E9B192 /* Build configuration list for PBXProject "fti_coach" */ = {
			isa = XCConfigurationList;
			buildConfigurations = (
				83CBBA201A601CBA00E9B192 /* Debug */,
				83CBBA211A601CBA00E9B192 /* Release */,
			);
			defaultConfigurationIsVisible = 0;
			defaultConfigurationName = Release;
		};
/* End XCConfigurationList section */
	};
	rootObject = 83CBB9F71A601CBA00E9B192 /* Project object */;
}
