// !$*UTF8*$!
{
	archiveVersion = 1;
	classes = {
	};
	objectVersion = 54;
	objects = {

/* Begin PBXBuildFile section */
		0C80B921A6F3F58F76C31292 /* libPods-fti_coach.a in Frameworks */ = {isa = PBXBuildFile; fileRef = 5DCACB8F33CDC322A6C60F78 /* libPods-fti_coach.a */; };
		13B07FBF1A68108700A75B9A /* Images.xcassets in Resources */ = {isa = PBXBuildFile; fileRef = 13B07FB51A68108700A75B9A /* Images.xcassets */; };
		761780ED2CA45674006654EE /* AppDelegate.swift in Sources */ = {isa = PBXBuildFile; fileRef = 761780EC2CA45674006654EE /* AppDelegate.swift */; };
		81AB9BB82411601600AC10FF /* LaunchScreen.storyboard in Resources */ = {isa = PBXBuildFile; fileRef = 81AB9BB72411601600AC10FF /* LaunchScreen.storyboard */; };
		0CC43A380B6337DC734806AE /* GoogleService-Info.plist in Resources */ = {isa = PBXBuildFile; fileRef = 1A1C1F116F39702D6CCCCEC1 /* GoogleService-Info.plist */; };
		9E5AF1CA60BB354E761342F9 /* Poppins-Black.ttf in Resources */ = {isa = PBXBuildFile; fileRef = 83A518D884F119F23E3B0759 /* Poppins-Black.ttf */; };
		7BA26AA3441CF20137089C4A /* Poppins-BlackItalic.ttf in Resources */ = {isa = PBXBuildFile; fileRef = 146D1AD367D459E425A01319 /* Poppins-BlackItalic.ttf */; };
		E5347122932269D2453B93B0 /* Poppins-Bold.ttf in Resources */ = {isa = PBXBuildFile; fileRef = 874C5ECD13A2E13D90F839E2 /* Poppins-Bold.ttf */; };
		4E9FEFCDCB514E8BE0151A90 /* Poppins-BoldItalic.ttf in Resources */ = {isa = PBXBuildFile; fileRef = AB5AAF680EC3D131771CFEEB /* Poppins-BoldItalic.ttf */; };
		131C8294D461D8D590B05187 /* Poppins-ExtraBold.ttf in Resources */ = {isa = PBXBuildFile; fileRef = 785A6C3C7645B4806A0731F3 /* Poppins-ExtraBold.ttf */; };
		2061F8F0EE63C872811C9CCB /* Poppins-ExtraBoldItalic.ttf in Resources */ = {isa = PBXBuildFile; fileRef = B180B6671F0F7D0A76F39315 /* Poppins-ExtraBoldItalic.ttf */; };
		3A2D9E0B5A5FEC8B6562F54C /* Poppins-ExtraLight.ttf in Resources */ = {isa = PBXBuildFile; fileRef = A36D41A271464EEDEAA89BBE /* Poppins-ExtraLight.ttf */; };
		49B65B3EFCBA68DF98FAEF1C /* Poppins-ExtraLightItalic.ttf in Resources */ = {isa = PBXBuildFile; fileRef = 6F30B70DD3316957AF161923 /* Poppins-ExtraLightItalic.ttf */; };
		65CDA31A62A704A62CE248BE /* Poppins-Italic.ttf in Resources */ = {isa = PBXBuildFile; fileRef = 18E4FDE44C1A042F1CD0CE11 /* Poppins-Italic.ttf */; };
		40A25EF7CFA83952622A4951 /* Poppins-Light.ttf in Resources */ = {isa = PBXBuildFile; fileRef = 6EB4DC2C4F9301BB20EFA3C5 /* Poppins-Light.ttf */; };
		789E9BC468769658A8923272 /* Poppins-LightItalic.ttf in Resources */ = {isa = PBXBuildFile; fileRef = 36981F497C2BC4817E1EBC2D /* Poppins-LightItalic.ttf */; };
		607F6718D72F6B65EA135445 /* Poppins-Medium.ttf in Resources */ = {isa = PBXBuildFile; fileRef = 4CC6E1E3F1CA4C1BF727DCBE /* Poppins-Medium.ttf */; };
		D3BDB320F7A1BF4A377ED3F2 /* Poppins-MediumItalic.ttf in Resources */ = {isa = PBXBuildFile; fileRef = 3DDC7A102E3DFC18EF0A4CE1 /* Poppins-MediumItalic.ttf */; };
		62B3B3E4D8A3C671E94C8BFE /* Poppins-Regular.ttf in Resources */ = {isa = PBXBuildFile; fileRef = 7326F80061AE62DA6B46E918 /* Poppins-Regular.ttf */; };
		1BD56C66DA1246E78EE1A343 /* Poppins-SemiBold.ttf in Resources */ = {isa = PBXBuildFile; fileRef = 5E36136869F5C96A57540D37 /* Poppins-SemiBold.ttf */; };
		702D0051936683A8F4566744 /* Poppins-SemiBoldItalic.ttf in Resources */ = {isa = PBXBuildFile; fileRef = 063564D5499255A9FE277961 /* Poppins-SemiBoldItalic.ttf */; };
		B31A72F600FF70EE03699A53 /* Poppins-Thin.ttf in Resources */ = {isa = PBXBuildFile; fileRef = 80F9E52724803F5A05FEEDB3 /* Poppins-Thin.ttf */; };
		15B913942725DF50EE09229D /* Poppins-ThinItalic.ttf in Resources */ = {isa = PBXBuildFile; fileRef = 3B0735D6818FA6ED384E42AE /* Poppins-ThinItalic.ttf */; };
/* End PBXBuildFile section */

/* Begin PBXFileReference section */
		13B07F961A680F5B00A75B9A /* fti_coach.app */ = {isa = PBXFileReference; explicitFileType = wrapper.application; includeInIndex = 0; path = fti_coach.app; sourceTree = BUILT_PRODUCTS_DIR; };
		13B07FB51A68108700A75B9A /* Images.xcassets */ = {isa = PBXFileReference; lastKnownFileType = folder.assetcatalog; name = Images.xcassets; path = fti_coach/Images.xcassets; sourceTree = "<group>"; };
		13B07FB61A68108700A75B9A /* Info.plist */ = {isa = PBXFileReference; fileEncoding = 4; lastKnownFileType = text.plist.xml; name = Info.plist; path = fti_coach/Info.plist; sourceTree = "<group>"; };
		13B07FB81A68108700A75B9A /* PrivacyInfo.xcprivacy */ = {isa = PBXFileReference; fileEncoding = 4; lastKnownFileType = text.plist.xml; name = PrivacyInfo.xcprivacy; path = fti_coach/PrivacyInfo.xcprivacy; sourceTree = "<group>"; };
		3B4392A12AC88292D35C810B /* Pods-fti_coach.debug.xcconfig */ = {isa = PBXFileReference; includeInIndex = 1; lastKnownFileType = text.xcconfig; name = "Pods-fti_coach.debug.xcconfig"; path = "Target Support Files/Pods-fti_coach/Pods-fti_coach.debug.xcconfig"; sourceTree = "<group>"; };
		5709B34CF0A7D63546082F79 /* Pods-fti_coach.release.xcconfig */ = {isa = PBXFileReference; includeInIndex = 1; lastKnownFileType = text.xcconfig; name = "Pods-fti_coach.release.xcconfig"; path = "Target Support Files/Pods-fti_coach/Pods-fti_coach.release.xcconfig"; sourceTree = "<group>"; };
		5DCACB8F33CDC322A6C60F78 /* libPods-fti_coach.a */ = {isa = PBXFileReference; explicitFileType = archive.ar; includeInIndex = 0; path = "libPods-fti_coach.a"; sourceTree = BUILT_PRODUCTS_DIR; };
		761780EC2CA45674006654EE /* AppDelegate.swift */ = {isa = PBXFileReference; lastKnownFileType = sourcecode.swift; name = AppDelegate.swift; path = fti_coach/AppDelegate.swift; sourceTree = "<group>"; };
		81AB9BB72411601600AC10FF /* LaunchScreen.storyboard */ = {isa = PBXFileReference; fileEncoding = 4; lastKnownFileType = file.storyboard; name = LaunchScreen.storyboard; path = fti_coach/LaunchScreen.storyboard; sourceTree = "<group>"; };
		ED297162215061F000B7C4FE /* JavaScriptCore.framework */ = {isa = PBXFileReference; lastKnownFileType = wrapper.framework; name = JavaScriptCore.framework; path = System/Library/Frameworks/JavaScriptCore.framework; sourceTree = SDKROOT; };
		1A1C1F116F39702D6CCCCEC1 /* GoogleService-Info.plist */ = {isa = PBXFileReference; fileEncoding = 4; lastKnownFileType = text.plist.xml; path = "GoogleService-Info.plist"; sourceTree = "<group>"; };
		A728593005EDA6F8E12950DD /* fti_coach.entitlements */ = {isa = PBXFileReference; lastKnownFileType = text.plist.entitlements; name = fti_coach.entitlements; path = fti_coach/fti_coach.entitlements; sourceTree = "<group>"; };
		83A518D884F119F23E3B0759 /* Poppins-Black.ttf */ = {isa = PBXFileReference; lastKnownFileType = file; name = "Poppins-Black.ttf"; path = "../Assets/Fonts/Poppins-Black.ttf"; sourceTree = "<group>"; };
		146D1AD367D459E425A01319 /* Poppins-BlackItalic.ttf */ = {isa = PBXFileReference; lastKnownFileType = file; name = "Poppins-BlackItalic.ttf"; path = "../Assets/Fonts/Poppins-BlackItalic.ttf"; sourceTree = "<group>"; };
		874C5ECD13A2E13D90F839E2 /* Poppins-Bold.ttf */ = {isa = PBXFileReference; lastKnownFileType = file; name = "Poppins-Bold.ttf"; path = "../Assets/Fonts/Poppins-Bold.ttf"; sourceTree = "<group>"; };
		AB5AAF680EC3D131771CFEEB /* Poppins-BoldItalic.ttf */ = {isa = PBXFileReference; lastKnownFileType = file; name = "Poppins-BoldItalic.ttf"; path = "../Assets/Fonts/Poppins-BoldItalic.ttf"; sourceTree = "<group>"; };
		785A6C3C7645B4806A0731F3 /* Poppins-ExtraBold.ttf */ = {isa = PBXFileReference; lastKnownFileType = file; name = "Poppins-ExtraBold.ttf"; path = "../Assets/Fonts/Poppins-ExtraBold.ttf"; sourceTree = "<group>"; };
		B180B6671F0F7D0A76F39315 /* Poppins-ExtraBoldItalic.ttf */ = {isa = PBXFileReference; lastKnownFileType = file; name = "Poppins-ExtraBoldItalic.ttf"; path = "../Assets/Fonts/Poppins-ExtraBoldItalic.ttf"; sourceTree = "<group>"; };
		A36D41A271464EEDEAA89BBE /* Poppins-ExtraLight.ttf */ = {isa = PBXFileReference; lastKnownFileType = file; name = "Poppins-ExtraLight.ttf"; path = "../Assets/Fonts/Poppins-ExtraLight.ttf"; sourceTree = "<group>"; };
		6F30B70DD3316957AF161923 /* Poppins-ExtraLightItalic.ttf */ = {isa = PBXFileReference; lastKnownFileType = file; name = "Poppins-ExtraLightItalic.ttf"; path = "../Assets/Fonts/Poppins-ExtraLightItalic.ttf"; sourceTree = "<group>"; };
		18E4FDE44C1A042F1CD0CE11 /* Poppins-Italic.ttf */ = {isa = PBXFileReference; lastKnownFileType = file; name = "Poppins-Italic.ttf"; path = "../Assets/Fonts/Poppins-Italic.ttf"; sourceTree = "<group>"; };
		6EB4DC2C4F9301BB20EFA3C5 /* Poppins-Light.ttf */ = {isa = PBXFileReference; lastKnownFileType = file; name = "Poppins-Light.ttf"; path = "../Assets/Fonts/Poppins-Light.ttf"; sourceTree = "<group>"; };
		36981F497C2BC4817E1EBC2D /* Poppins-LightItalic.ttf */ = {isa = PBXFileReference; lastKnownFileType = file; name = "Poppins-LightItalic.ttf"; path = "../Assets/Fonts/Poppins-LightItalic.ttf"; sourceTree = "<group>"; };
		4CC6E1E3F1CA4C1BF727DCBE /* Poppins-Medium.ttf */ = {isa = PBXFileReference; lastKnownFileType = file; name = "Poppins-Medium.ttf"; path = "../Assets/Fonts/Poppins-Medium.ttf"; sourceTree = "<group>"; };
		3DDC7A102E3DFC18EF0A4CE1 /* Poppins-MediumItalic.ttf */ = {isa = PBXFileReference; lastKnownFileType = file; name = "Poppins-MediumItalic.ttf"; path = "../Assets/Fonts/Poppins-MediumItalic.ttf"; sourceTree = "<group>"; };
		7326F80061AE62DA6B46E918 /* Poppins-Regular.ttf */ = {isa = PBXFileReference; lastKnownFileType = file; name = "Poppins-Regular.ttf"; path = "../Assets/Fonts/Poppins-Regular.ttf"; sourceTree = "<group>"; };
		5E36136869F5C96A57540D37 /* Poppins-SemiBold.ttf */ = {isa = PBXFileReference; lastKnownFileType = file; name = "Poppins-SemiBold.ttf"; path = "../Assets/Fonts/Poppins-SemiBold.ttf"; sourceTree = "<group>"; };
		063564D5499255A9FE277961 /* Poppins-SemiBoldItalic.ttf */ = {isa = PBXFileReference; lastKnownFileType = file; name = "Poppins-SemiBoldItalic.ttf"; path = "../Assets/Fonts/Poppins-SemiBoldItalic.ttf"; sourceTree = "<group>"; };
		80F9E52724803F5A05FEEDB3 /* Poppins-Thin.ttf */ = {isa = PBXFileReference; lastKnownFileType = file; name = "Poppins-Thin.ttf"; path = "../Assets/Fonts/Poppins-Thin.ttf"; sourceTree = "<group>"; };
		3B0735D6818FA6ED384E42AE /* Poppins-ThinItalic.ttf */ = {isa = PBXFileReference; lastKnownFileType = file; name = "Poppins-ThinItalic.ttf"; path = "../Assets/Fonts/Poppins-ThinItalic.ttf"; sourceTree = "<group>"; };
/* End PBXFileReference section */

/* Begin PBXFrameworksBuildPhase section */
		13B07F8C1A680F5B00A75B9A /* Frameworks */ = {
			isa = PBXFrameworksBuildPhase;
			buildActionMask = 2147483647;
			files = (
				0C80B921A6F3F58F76C31292 /* libPods-fti_coach.a in Frameworks */,
			);
			runOnlyForDeploymentPostprocessing = 0;
		};
/* End PBXFrameworksBuildPhase section */

/* Begin PBXGroup section */
		13B07FAE1A68108700A75B9A /* fti_coach */ = {
			isa = PBXGroup;
			children = (
				13B07FB51A68108700A75B9A /* Images.xcassets */,
				761780EC2CA45674006654EE /* AppDelegate.swift */,
				13B07FB61A68108700A75B9A /* Info.plist */,
				81AB9BB72411601600AC10FF /* LaunchScreen.storyboard */,
				13B07FB81A68108700A75B9A /* PrivacyInfo.xcprivacy */,
				A728593005EDA6F8E12950DD /* fti_coach.entitlements */,
				1A1C1F116F39702D6CCCCEC1 /* GoogleService-Info.plist */,
			);
			name = fti_coach;
			sourceTree = "<group>";
		};
		2D16E6871FA4F8E400B85C8A /* Frameworks */ = {
			isa = PBXGroup;
			children = (
				ED297162215061F000B7C4FE /* JavaScriptCore.framework */,
				5DCACB8F33CDC322A6C60F78 /* libPods-fti_coach.a */,
			);
			name = Frameworks;
			sourceTree = "<group>";
		};
		832341AE1AAA6A7D00B99B32 /* Libraries */ = {
			isa = PBXGroup;
			children = (
			);
			name = Libraries;
			sourceTree = "<group>";
		};
		83CBB9F61A601CBA00E9B192 = {
			isa = PBXGroup;
			children = (
				13B07FAE1A68108700A75B9A /* fti_coach */,
				832341AE1AAA6A7D00B99B32 /* Libraries */,
				83CBBA001A601CBA00E9B192 /* Products */,
				2D16E6871FA4F8E400B85C8A /* Frameworks */,
				BBD78D7AC51CEA395F1C20DB /* Pods */,
				CFE820BB401492B2F0F40E40 /* Fonts */,
			);
			indentWidth = 2;
			sourceTree = "<group>";
			tabWidth = 2;
			usesTabs = 0;
		};
		83CBBA001A601CBA00E9B192 /* Products */ = {
			isa = PBXGroup;
			children = (
				13B07F961A680F5B00A75B9A /* fti_coach.app */,
			);
			name = Products;
			sourceTree = "<group>";
		};
		BBD78D7AC51CEA395F1C20DB /* Pods */ = {
			isa = PBXGroup;
			children = (
				3B4392A12AC88292D35C810B /* Pods-fti_coach.debug.xcconfig */,
				5709B34CF0A7D63546082F79 /* Pods-fti_coach.release.xcconfig */,
			);
			path = Pods;
			sourceTree = "<group>";
		};
		CFE820BB401492B2F0F40E40 /* Fonts */ = {
			isa = PBXGroup;
			children = (
				83A518D884F119F23E3B0759 /* Poppins-Black.ttf */,
				146D1AD367D459E425A01319 /* Poppins-BlackItalic.ttf */,
				874C5ECD13A2E13D90F839E2 /* Poppins-Bold.ttf */,
				AB5AAF680EC3D131771CFEEB /* Poppins-BoldItalic.ttf */,
				785A6C3C7645B4806A0731F3 /* Poppins-ExtraBold.ttf */,
				B180B6671F0F7D0A76F39315 /* Poppins-ExtraBoldItalic.ttf */,
				A36D41A271464EEDEAA89BBE /* Poppins-ExtraLight.ttf */,
				6F30B70DD3316957AF161923 /* Poppins-ExtraLightItalic.ttf */,
				18E4FDE44C1A042F1CD0CE11 /* Poppins-Italic.ttf */,
				6EB4DC2C4F9301BB20EFA3C5 /* Poppins-Light.ttf */,
				36981F497C2BC4817E1EBC2D /* Poppins-LightItalic.ttf */,
				4CC6E1E3F1CA4C1BF727DCBE /* Poppins-Medium.ttf */,
				3DDC7A102E3DFC18EF0A4CE1 /* Poppins-MediumItalic.ttf */,
				7326F80061AE62DA6B46E918 /* Poppins-Regular.ttf */,
				5E36136869F5C96A57540D37 /* Poppins-SemiBold.ttf */,
				063564D5499255A9FE277961 /* Poppins-SemiBoldItalic.ttf */,
				80F9E52724803F5A05FEEDB3 /* Poppins-Thin.ttf */,
				3B0735D6818FA6ED384E42AE /* Poppins-ThinItalic.ttf */,
			);
			name = Fonts;
			sourceTree = "<group>";
		};
/* End PBXGroup section */

/* Begin PBXNativeTarget section */
		13B07F861A680F5B00A75B9A /* fti_coach */ = {
			isa = PBXNativeTarget;
			buildConfigurationList = 13B07F931A680F5B00A75B9A /* Build configuration list for PBXNativeTarget "fti_coach" */;
			buildPhases = (
				C38B50BA6285516D6DCD4F65 /* [CP] Check Pods Manifest.lock */,
				13B07F871A680F5B00A75B9A /* Sources */,
				13B07F8C1A680F5B00A75B9A /* Frameworks */,
				13B07F8E1A680F5B00A75B9A /* Resources */,
				00DD1BFF1BD5951E006B06BC /* Bundle React Native code and images */,
				00EEFC60759A1932668264C0 /* [CP] Embed Pods Frameworks */,
				E235C05ADACE081382539298 /* [CP] Copy Pods Resources */,
			);
			buildRules = (
			);
			dependencies = (
			);
			name = fti_coach;
			productName = fti_coach;
			productReference = 13B07F961A680F5B00A75B9A /* fti_coach.app */;
			productType = "com.apple.product-type.application";
		};
/* End PBXNativeTarget section */

/* Begin PBXProject section */
		83CBB9F71A601CBA00E9B192 /* Project object */ = {
			isa = PBXProject;
			attributes = {
				LastUpgradeCheck = 1210;
				TargetAttributes = {
					13B07F861A680F5B00A75B9A = {
						LastSwiftMigration = 1120;
					};
				};
			};
			buildConfigurationList = 83CBB9FA1A601CBA00E9B192 /* Build configuration list for PBXProject "fti_coach" */;
			compatibilityVersion = "Xcode 12.0";
			developmentRegion = en;
			hasScannedForEncodings = 0;
			knownRegions = (
				en,
				Base,
			);
			mainGroup = 83CBB9F61A601CBA00E9B192;
			productRefGroup = 83CBBA001A601CBA00E9B192 /* Products */;
			projectDirPath = "";
			projectRoot = "";
			targets = (
				13B07F861A680F5B00A75B9A /* fti_coach */,
			);
		};
/* End PBXProject section */

/* Begin PBXResourcesBuildPhase section */
		13B07F8E1A680F5B00A75B9A /* Resources */ = {
			isa = PBXResourcesBuildPhase;
			buildActionMask = 2147483647;
			files = (
				81AB9BB82411601600AC10FF /* LaunchScreen.storyboard in Resources */,
				13B07FBF1A68108700A75B9A /* Images.xcassets in Resources */,
				0CC43A380B6337DC734806AE /* GoogleService-Info.plist in Resources */,
				9E5AF1CA60BB354E761342F9 /* Poppins-Black.ttf in Resources */,
				7BA26AA3441CF20137089C4A /* Poppins-BlackItalic.ttf in Resources */,
				E5347122932269D2453B93B0 /* Poppins-Bold.ttf in Resources */,
				4E9FEFCDCB514E8BE0151A90 /* Poppins-BoldItalic.ttf in Resources */,
				131C8294D461D8D590B05187 /* Poppins-ExtraBold.ttf in Resources */,
				2061F8F0EE63C872811C9CCB /* Poppins-ExtraBoldItalic.ttf in Resources */,
				3A2D9E0B5A5FEC8B6562F54C /* Poppins-ExtraLight.ttf in Resources */,
				49B65B3EFCBA68DF98FAEF1C /* Poppins-ExtraLightItalic.ttf in Resources */,
				65CDA31A62A704A62CE248BE /* Poppins-Italic.ttf in Resources */,
				40A25EF7CFA83952622A4951 /* Poppins-Light.ttf in Resources */,
				789E9BC468769658A8923272 /* Poppins-LightItalic.ttf in Resources */,
				607F6718D72F6B65EA135445 /* Poppins-Medium.ttf in Resources */,
				D3BDB320F7A1BF4A377ED3F2 /* Poppins-MediumItalic.ttf in Resources */,
				62B3B3E4D8A3C671E94C8BFE /* Poppins-Regular.ttf in Resources */,
				1BD56C66DA1246E78EE1A343 /* Poppins-SemiBold.ttf in Resources */,
				702D0051936683A8F4566744 /* Poppins-SemiBoldItalic.ttf in Resources */,
				B31A72F600FF70EE03699A53 /* Poppins-Thin.ttf in Resources */,
				15B913942725DF50EE09229D /* Poppins-ThinItalic.ttf in Resources */,
			);
			runOnlyForDeploymentPostprocessing = 0;
		};
/* End PBXResourcesBuildPhase section */

/* Begin PBXShellScriptBuildPhase section */
		00DD1BFF1BD5951E006B06BC /* Bundle React Native code and images */ = {
			isa = PBXShellScriptBuildPhase;
			buildActionMask = 2147483647;
			files = (
			);
			inputPaths = (
				"$(SRCROOT)/.xcode.env.local",
				"$(SRCROOT)/.xcode.env",
			);
			name = "Bundle React Native code and images";
			outputPaths = (
			);
			runOnlyForDeploymentPostprocessing = 0;
			shellPath = /bin/sh;
			shellScript = "set -e\n\nWITH_ENVIRONMENT=\"$REACT_NATIVE_PATH/scripts/xcode/with-environment.sh\"\nREACT_NATIVE_XCODE=\"$REACT_NATIVE_PATH/scripts/react-native-xcode.sh\"\n\n/bin/sh -c \"$WITH_ENVIRONMENT $REACT_NATIVE_XCODE\"\n";
		};
		00EEFC60759A1932668264C0 /* [CP] Embed Pods Frameworks */ = {
			isa = PBXShellScriptBuildPhase;
			buildActionMask = 2147483647;
			files = (
			);
			inputFileListPaths = (
				"${PODS_ROOT}/Target Support Files/Pods-fti_coach/Pods-fti_coach-frameworks-${CONFIGURATION}-input-files.xcfilelist",
			);
			name = "[CP] Embed Pods Frameworks";
			outputFileListPaths = (
				"${PODS_ROOT}/Target Support Files/Pods-fti_coach/Pods-fti_coach-frameworks-${CONFIGURATION}-output-files.xcfilelist",
			);
			runOnlyForDeploymentPostprocessing = 0;
			shellPath = /bin/sh;
			shellScript = "\"${PODS_ROOT}/Target Support Files/Pods-fti_coach/Pods-fti_coach-frameworks.sh\"\n";
			showEnvVarsInLog = 0;
		};
		C38B50BA6285516D6DCD4F65 /* [CP] Check Pods Manifest.lock */ = {
			isa = PBXShellScriptBuildPhase;
			buildActionMask = 2147483647;
			files = (
			);
			inputFileListPaths = (
			);
			inputPaths = (
				"${PODS_PODFILE_DIR_PATH}/Podfile.lock",
				"${PODS_ROOT}/Manifest.lock",
			);
			name = "[CP] Check Pods Manifest.lock";
			outputFileListPaths = (
			);
			outputPaths = (
				"$(DERIVED_FILE_DIR)/Pods-fti_coach-checkManifestLockResult.txt",
			);
			runOnlyForDeploymentPostprocessing = 0;
			shellPath = /bin/sh;
			shellScript = "diff \"${PODS_PODFILE_DIR_PATH}/Podfile.lock\" \"${PODS_ROOT}/Manifest.lock\" > /dev/null\nif [ $? != 0 ] ; then\n    # print error to STDERR\n    echo \"error: The sandbox is not in sync with the Podfile.lock. Run 'pod install' or update your CocoaPods installation.\" >&2\n    exit 1\nfi\n# This output is used by Xcode 'outputs' to avoid re-running this script phase.\necho \"SUCCESS\" > \"${SCRIPT_OUTPUT_FILE_0}\"\n";
			showEnvVarsInLog = 0;
		};
		E235C05ADACE081382539298 /* [CP] Copy Pods Resources */ = {
			isa = PBXShellScriptBuildPhase;
			buildActionMask = 2147483647;
			files = (
			);
			inputFileListPaths = (
				"${PODS_ROOT}/Target Support Files/Pods-fti_coach/Pods-fti_coach-resources-${CONFIGURATION}-input-files.xcfilelist",
			);
			name = "[CP] Copy Pods Resources";
			outputFileListPaths = (
				"${PODS_ROOT}/Target Support Files/Pods-fti_coach/Pods-fti_coach-resources-${CONFIGURATION}-output-files.xcfilelist",
			);
			runOnlyForDeploymentPostprocessing = 0;
			shellPath = /bin/sh;
			shellScript = "\"${PODS_ROOT}/Target Support Files/Pods-fti_coach/Pods-fti_coach-resources.sh\"\n";
			showEnvVarsInLog = 0;
		};
/* End PBXShellScriptBuildPhase section */

/* Begin PBXSourcesBuildPhase section */
		13B07F871A680F5B00A75B9A /* Sources */ = {
			isa = PBXSourcesBuildPhase;
			buildActionMask = 2147483647;
			files = (
				761780ED2CA45674006654EE /* AppDelegate.swift in Sources */,
			);
			runOnlyForDeploymentPostprocessing = 0;
		};
/* End PBXSourcesBuildPhase section */

/* Begin XCBuildConfiguration section */
		13B07F941A680F5B00A75B9A /* Debug */ = {
			isa = XCBuildConfiguration;
			baseConfigurationReference = 3B4392A12AC88292D35C810B /* Pods-fti_coach.debug.xcconfig */;
			buildSettings = {
				ASSETCATALOG_COMPILER_APPICON_NAME = AppIcon;
				CLANG_ENABLE_MODULES = YES;
				CODE_SIGN_ENTITLEMENTS = fti_coach/fti_coach.entitlements;
				CURRENT_PROJECT_VERSION = 18;
				DEVELOPMENT_TEAM = 97H8939ZRR;
				ENABLE_BITCODE = NO;
				INFOPLIST_FILE = fti_coach/Info.plist;
				IPHONEOS_DEPLOYMENT_TARGET = 15.1;
				LD_RUNPATH_SEARCH_PATHS = (
					"$(inherited)",
					"@executable_path/Frameworks",
				);
				MARKETING_VERSION = 1.0.0;
				OTHER_LDFLAGS = (
					"$(inherited)",
					"-ObjC",
					"-lc++",
				);
				PRODUCT_BUNDLE_IDENTIFIER = com.foxytravel.fticoach;
				PRODUCT_NAME = fti_coach;
				SWIFT_OPTIMIZATION_LEVEL = "-Onone";
				SWIFT_VERSION = 5.0;
				VERSIONING_SYSTEM = "apple-generic";
			};
			name = Debug;
		};
		13B07F951A680F5B00A75B9A /* Release */ = {
			isa = XCBuildConfiguration;
			baseConfigurationReference = 5709B34CF0A7D63546082F79 /* Pods-fti_coach.release.xcconfig */;
			buildSettings = {
				ASSETCATALOG_COMPILER_APPICON_NAME = AppIcon;
				CLANG_ENABLE_MODULES = YES;
				CODE_SIGN_ENTITLEMENTS = fti_coach/fti_coach.entitlements;
				CURRENT_PROJECT_VERSION = 18;
				DEVELOPMENT_TEAM = 97H8939ZRR;
				INFOPLIST_FILE = fti_coach/Info.plist;
				IPHONEOS_DEPLOYMENT_TARGET = 15.1;
				LD_RUNPATH_SEARCH_PATHS = (
					"$(inherited)",
					"@executable_path/Frameworks",
				);
				MARKETING_VERSION = 1.0.0;
				OTHER_LDFLAGS = (
					"$(inherited)",
					"-ObjC",
					"-lc++",
				);
				PRODUCT_BUNDLE_IDENTIFIER = com.foxytravel.fticoach;
				PRODUCT_NAME = fti_coach;
				SWIFT_VERSION = 5.0;
				VERSIONING_SYSTEM = "apple-generic";
			};
			name = Release;
		};
		83CBBA201A601CBA00E9B192 /* Debug */ = {
			isa = XCBuildConfiguration;
			buildSettings = {
				ALWAYS_SEARCH_USER_PATHS = NO;
				CLANG_ANALYZER_LOCALIZABILITY_NONLOCALIZED = YES;
				CLANG_CXX_LANGUAGE_STANDARD = "c++20";
				CLANG_CXX_LIBRARY = "libc++";
				CLANG_ENABLE_MODULES = YES;
				CLANG_ENABLE_OBJC_ARC = YES;
				CLANG_WARN_BLOCK_CAPTURE_AUTORELEASING = YES;
				CLANG_WARN_BOOL_CONVERSION = YES;
				CLANG_WARN_COMMA = YES;
				CLANG_WARN_CONSTANT_CONVERSION = YES;
				CLANG_WARN_DEPRECATED_OBJC_IMPLEMENTATIONS = YES;
				CLANG_WARN_DIRECT_OBJC_ISA_USAGE = YES_ERROR;
				CLANG_WARN_EMPTY_BODY = YES;
				CLANG_WARN_ENUM_CONVERSION = YES;
				CLANG_WARN_INFINITE_RECURSION = YES;
				CLANG_WARN_INT_CONVERSION = YES;
				CLANG_WARN_NON_LITERAL_NULL_CONVERSION = YES;
				CLANG_WARN_OBJC_IMPLICIT_RETAIN_SELF = YES;
				CLANG_WARN_OBJC_LITERAL_CONVERSION = YES;
				CLANG_WARN_OBJC_ROOT_CLASS = YES_ERROR;
				CLANG_WARN_QUOTED_INCLUDE_IN_FRAMEWORK_HEADER = YES;
				CLANG_WARN_RANGE_LOOP_ANALYSIS = YES;
				CLANG_WARN_STRICT_PROTOTYPES = YES;
				CLANG_WARN_SUSPICIOUS_MOVE = YES;
				CLANG_WARN_UNREACHABLE_CODE = YES;
				CLANG_WARN__DUPLICATE_METHOD_MATCH = YES;
				"CODE_SIGN_IDENTITY[sdk=iphoneos*]" = "iPhone Developer";
				COPY_PHASE_STRIP = NO;
				ENABLE_STRICT_OBJC_MSGSEND = YES;
				ENABLE_TESTABILITY = YES;
				"EXCLUDED_ARCHS[sdk=iphonesimulator*]" = "";
				GCC_C_LANGUAGE_STANDARD = gnu99;
				GCC_DYNAMIC_NO_PIC = NO;
				GCC_NO_COMMON_BLOCKS = YES;
				GCC_OPTIMIZATION_LEVEL = 0;
				GCC_PREPROCESSOR_DEFINITIONS = (
					"DEBUG=1",
					"$(inherited)",
				);
				GCC_SYMBOLS_PRIVATE_EXTERN = NO;
				GCC_WARN_64_TO_32_BIT_CONVERSION = YES;
				GCC_WARN_ABOUT_RETURN_TYPE = YES_ERROR;
				GCC_WARN_UNDECLARED_SELECTOR = YES;
				GCC_WARN_UNINITIALIZED_AUTOS = YES_AGGRESSIVE;
				GCC_WARN_UNUSED_FUNCTION = YES;
				GCC_WARN_UNUSED_VARIABLE = YES;
				IPHONEOS_DEPLOYMENT_TARGET = 15.1;
				LD_RUNPATH_SEARCH_PATHS = (
					/usr/lib/swift,
					"$(inherited)",
				);
				LIBRARY_SEARCH_PATHS = (
					"\"$(SDKROOT)/usr/lib/swift\"",
					"\"$(TOOLCHAIN_DIR)/usr/lib/swift/$(PLATFORM_NAME)\"",
					"\"$(inherited)\"",
				);
				MTL_ENABLE_DEBUG_INFO = YES;
				ONLY_ACTIVE_ARCH = YES;
				OTHER_CPLUSPLUSFLAGS = (
					"$(OTHER_CFLAGS)",
					"-DFOLLY_NO_CONFIG",
					"-DFOLLY_MOBILE=1",
					"-DFOLLY_USE_LIBCPP=1",
					"-DFOLLY_CFG_NO_COROUTINES=1",
					"-DFOLLY_HAVE_CLOCK_GETTIME=1",
				);
				SDKROOT = iphoneos;
			};
			name = Debug;
		};
		83CBBA211A601CBA00E9B192 /* Release */ = {
			isa = XCBuildConfiguration;
			buildSettings = {
				ALWAYS_SEARCH_USER_PATHS = NO;
				CLANG_ANALYZER_LOCALIZABILITY_NONLOCALIZED = YES;
				CLANG_CXX_LANGUAGE_STANDARD = "c++20";
				CLANG_CXX_LIBRARY = "libc++";
				CLANG_ENABLE_MODULES = YES;
				CLANG_ENABLE_OBJC_ARC = YES;
				CLANG_WARN_BLOCK_CAPTURE_AUTORELEASING = YES;
				CLANG_WARN_BOOL_CONVERSION = YES;
				CLANG_WARN_COMMA = YES;
				CLANG_WARN_CONSTANT_CONVERSION = YES;
				CLANG_WARN_DEPRECATED_OBJC_IMPLEMENTATIONS = YES;
				CLANG_WARN_DIRECT_OBJC_ISA_USAGE = YES_ERROR;
				CLANG_WARN_EMPTY_BODY = YES;
				CLANG_WARN_ENUM_CONVERSION = YES;
				CLANG_WARN_INFINITE_RECURSION = YES;
				CLANG_WARN_INT_CONVERSION = YES;
				CLANG_WARN_NON_LITERAL_NULL_CONVERSION = YES;
				CLANG_WARN_OBJC_IMPLICIT_RETAIN_SELF = YES;
				CLANG_WARN_OBJC_LITERAL_CONVERSION = YES;
				CLANG_WARN_OBJC_ROOT_CLASS = YES_ERROR;
				CLANG_WARN_QUOTED_INCLUDE_IN_FRAMEWORK_HEADER = YES;
				CLANG_WARN_RANGE_LOOP_ANALYSIS = YES;
				CLANG_WARN_STRICT_PROTOTYPES = YES;
				CLANG_WARN_SUSPICIOUS_MOVE = YES;
				CLANG_WARN_UNREACHABLE_CODE = YES;
				CLANG_WARN__DUPLICATE_METHOD_MATCH = YES;
				"CODE_SIGN_IDENTITY[sdk=iphoneos*]" = "iPhone Developer";
				COPY_PHASE_STRIP = YES;
				ENABLE_NS_ASSERTIONS = NO;
				ENABLE_STRICT_OBJC_MSGSEND = YES;
				"EXCLUDED_ARCHS[sdk=iphonesimulator*]" = "";
				GCC_C_LANGUAGE_STANDARD = gnu99;
				GCC_NO_COMMON_BLOCKS = YES;
				GCC_WARN_64_TO_32_BIT_CONVERSION = YES;
				GCC_WARN_ABOUT_RETURN_TYPE = YES_ERROR;
				GCC_WARN_UNDECLARED_SELECTOR = YES;
				GCC_WARN_UNINITIALIZED_AUTOS = YES_AGGRESSIVE;
				GCC_WARN_UNUSED_FUNCTION = YES;
				GCC_WARN_UNUSED_VARIABLE = YES;
				IPHONEOS_DEPLOYMENT_TARGET = 15.1;
				LD_RUNPATH_SEARCH_PATHS = (
					/usr/lib/swift,
					"$(inherited)",
				);
				LIBRARY_SEARCH_PATHS = (
					"\"$(SDKROOT)/usr/lib/swift\"",
					"\"$(TOOLCHAIN_DIR)/usr/lib/swift/$(PLATFORM_NAME)\"",
					"\"$(inherited)\"",
				);
				MTL_ENABLE_DEBUG_INFO = NO;
				OTHER_CPLUSPLUSFLAGS = (
					"$(OTHER_CFLAGS)",
					"-DFOLLY_NO_CONFIG",
					"-DFOLLY_MOBILE=1",
					"-DFOLLY_USE_LIBCPP=1",
					"-DFOLLY_CFG_NO_COROUTINES=1",
					"-DFOLLY_HAVE_CLOCK_GETTIME=1",
				);
				SDKROOT = iphoneos;
				VALIDATE_PRODUCT = YES;
			};
			name = Release;
		};
/* End XCBuildConfiguration section */

/* Begin XCConfigurationList section */
		13B07F931A680F5B00A75B9A /* Build configuration list for PBXNativeTarget "fti_coach" */ = {
			isa = XCConfigurationList;
			buildConfigurations = (
				13B07F941A680F5B00A75B9A /* Debug */,
				13B07F951A680F5B00A75B9A /* Release */,
			);
			defaultConfigurationIsVisible = 0;
			defaultConfigurationName = Release;
		};
		83CBB9FA1A601CBA00E9B192 /* Build configuration list for PBXProject "fti_coach" */ = {
			isa = XCConfigurationList;
			buildConfigurations = (
				83CBBA201A601CBA00E9B192 /* Debug */,
				83CBBA211A601CBA00E9B192 /* Release */,
			);
			defaultConfigurationIsVisible = 0;
			defaultConfigurationName = Release;
		};
/* End XCConfigurationList section */
	};
	rootObject = 83CBB9F71A601CBA00E9B192 /* Project object */;
}
